// !$*UTF8*$!
{
	archiveVersion = 1;
	classes = {
	};
	objectVersion = 46;
	objects = {

/* Begin PBXBuildFile section */
		9340C5E51AB90C3300E58F64 /* AppDelegate.swift in Sources */ = {isa = PBXBuildFile; fileRef = 9340C5E41AB90C3300E58F64 /* AppDelegate.swift */; };
		9340C5E71AB90C3300E58F64 /* ViewController.swift in Sources */ = {isa = PBXBuildFile; fileRef = 9340C5E61AB90C3300E58F64 /* ViewController.swift */; };
		9340C5EA1AB90C3300E58F64 /* Main.storyboard in Resources */ = {isa = PBXBuildFile; fileRef = 9340C5E81AB90C3300E58F64 /* Main.storyboard */; };
		9340C5EC1AB90C3300E58F64 /* Images.xcassets in Resources */ = {isa = PBXBuildFile; fileRef = 9340C5EB1AB90C3300E58F64 /* Images.xcassets */; };
		9340C5EF1AB90C3300E58F64 /* LaunchScreen.xib in Resources */ = {isa = PBXBuildFile; fileRef = 9340C5ED1AB90C3300E58F64 /* LaunchScreen.xib */; };
		9340C5FB1AB90C3300E58F64 /* SegueTests.swift in Sources */ = {isa = PBXBuildFile; fileRef = 9340C5FA1AB90C3300E58F64 /* SegueTests.swift */; };
/* End PBXBuildFile section */

/* Begin PBXContainerItemProxy section */
		9340C5F51AB90C3300E58F64 /* PBXContainerItemProxy */ = {
			isa = PBXContainerItemProxy;
			containerPortal = 9340C5D71AB90C3300E58F64 /* Project object */;
			proxyType = 1;
			remoteGlobalIDString = 9340C5DE1AB90C3300E58F64;
			remoteInfo = Segue;
		};
/* End PBXContainerItemProxy section */

/* Begin PBXFileReference section */
		9340C5DF1AB90C3300E58F64 /* Segue.app */ = {isa = PBXFileReference; explicitFileType = wrapper.application; includeInIndex = 0; path = Segue.app; sourceTree = BUILT_PRODUCTS_DIR; };
		9340C5E31AB90C3300E58F64 /* Info.plist */ = {isa = PBXFileReference; lastKnownFileType = text.plist.xml; path = Info.plist; sourceTree = "<group>"; };
		9340C5E41AB90C3300E58F64 /* AppDelegate.swift */ = {isa = PBXFileReference; lastKnownFileType = sourcecode.swift; path = AppDelegate.swift; sourceTree = "<group>"; };
		9340C5E61AB90C3300E58F64 /* ViewController.swift */ = {isa = PBXFileReference; lastKnownFileType = sourcecode.swift; path = ViewController.swift; sourceTree = "<group>"; };
		9340C5E91AB90C3300E58F64 /* Base */ = {isa = PBXFileReference; lastKnownFileType = file.storyboard; name = Base; path = Base.lproj/Main.storyboard; sourceTree = "<group>"; };
		9340C5EB1AB90C3300E58F64 /* Images.xcassets */ = {isa = PBXFileReference; lastKnownFileType = folder.assetcatalog; path = Images.xcassets; sourceTree = "<group>"; };
		9340C5EE1AB90C3300E58F64 /* Base */ = {isa = PBXFileReference; lastKnownFileType = file.xib; name = Base; path = Base.lproj/LaunchScreen.xib; sourceTree = "<group>"; };
		9340C5F41AB90C3300E58F64 /* SegueTests.xctest */ = {isa = PBXFileReference; explicitFileType = wrapper.cfbundle; includeInIndex = 0; path = SegueTests.xctest; sourceTree = BUILT_PRODUCTS_DIR; };
		9340C5F91AB90C3300E58F64 /* Info.plist */ = {isa = PBXFileReference; lastKnownFileType = text.plist.xml; path = Info.plist; sourceTree = "<group>"; };
		9340C5FA1AB90C3300E58F64 /* SegueTests.swift */ = {isa = PBXFileReference; lastKnownFileType = sourcecode.swift; path = SegueTests.swift; sourceTree = "<group>"; };
/* End PBXFileReference section */

/* Begin PBXFrameworksBuildPhase section */
		9340C5DC1AB90C3300E58F64 /* Frameworks */ = {
			isa = PBXFrameworksBuildPhase;
			buildActionMask = 2147483647;
			files = (
			);
			runOnlyForDeploymentPostprocessing = 0;
		};
		9340C5F11AB90C3300E58F64 /* Frameworks */ = {
			isa = PBXFrameworksBuildPhase;
			buildActionMask = 2147483647;
			files = (
			);
			runOnlyForDeploymentPostprocessing = 0;
		};
/* End PBXFrameworksBuildPhase section */

/* Begin PBXGroup section */
		9340C5D61AB90C3300E58F64 = {
			isa = PBXGroup;
			children = (
				9340C5E11AB90C3300E58F64 /* Segue */,
				9340C5F71AB90C3300E58F64 /* SegueTests */,
				9340C5E01AB90C3300E58F64 /* Products */,
			);
			sourceTree = "<group>";
		};
		9340C5E01AB90C3300E58F64 /* Products */ = {
			isa = PBXGroup;
			children = (
				9340C5DF1AB90C3300E58F64 /* Segue.app */,
				9340C5F41AB90C3300E58F64 /* SegueTests.xctest */,
			);
			name = Products;
			sourceTree = "<group>";
		};
		9340C5E11AB90C3300E58F64 /* Segue */ = {
			isa = PBXGroup;
			children = (
				9340C5E41AB90C3300E58F64 /* AppDelegate.swift */,
				9340C5E61AB90C3300E58F64 /* ViewController.swift */,
				9340C5E81AB90C3300E58F64 /* Main.storyboard */,
				9340C5EB1AB90C3300E58F64 /* Images.xcassets */,
				9340C5ED1AB90C3300E58F64 /* LaunchScreen.xib */,
				9340C5E21AB90C3300E58F64 /* Supporting Files */,
			);
			path = Segue;
			sourceTree = "<group>";
		};
		9340C5E21AB90C3300E58F64 /* Supporting Files */ = {
			isa = PBXGroup;
			children = (
				9340C5E31AB90C3300E58F64 /* Info.plist */,
			);
			name = "Supporting Files";
			sourceTree = "<group>";
		};
		9340C5F71AB90C3300E58F64 /* SegueTests */ = {
			isa = PBXGroup;
			children = (
				9340C5FA1AB90C3300E58F64 /* SegueTests.swift */,
				9340C5F81AB90C3300E58F64 /* Supporting Files */,
			);
			path = SegueTests;
			sourceTree = "<group>";
		};
		9340C5F81AB90C3300E58F64 /* Supporting Files */ = {
			isa = PBXGroup;
			children = (
				9340C5F91AB90C3300E58F64 /* Info.plist */,
			);
			name = "Supporting Files";
			sourceTree = "<group>";
		};
/* End PBXGroup section */

/* Begin PBXNativeTarget section */
		9340C5DE1AB90C3300E58F64 /* Segue */ = {
			isa = PBXNativeTarget;
			buildConfigurationList = 9340C5FE1AB90C3300E58F64 /* Build configuration list for PBXNativeTarget "Segue" */;
			buildPhases = (
				9340C5DB1AB90C3300E58F64 /* Sources */,
				9340C5DC1AB90C3300E58F64 /* Frameworks */,
				9340C5DD1AB90C3300E58F64 /* Resources */,
			);
			buildRules = (
			);
			dependencies = (
			);
			name = Segue;
			productName = Segue;
			productReference = 9340C5DF1AB90C3300E58F64 /* Segue.app */;
			productType = "com.apple.product-type.application";
		};
		9340C5F31AB90C3300E58F64 /* SegueTests */ = {
			isa = PBXNativeTarget;
			buildConfigurationList = 9340C6011AB90C3300E58F64 /* Build configuration list for PBXNativeTarget "SegueTests" */;
			buildPhases = (
				9340C5F01AB90C3300E58F64 /* Sources */,
				9340C5F11AB90C3300E58F64 /* Frameworks */,
				9340C5F21AB90C3300E58F64 /* Resources */,
			);
			buildRules = (
			);
			dependencies = (
				9340C5F61AB90C3300E58F64 /* PBXTargetDependency */,
			);
			name = SegueTests;
			productName = SegueTests;
			productReference = 9340C5F41AB90C3300E58F64 /* SegueTests.xctest */;
			productType = "com.apple.product-type.bundle.unit-test";
		};
/* End PBXNativeTarget section */

/* Begin PBXProject section */
		9340C5D71AB90C3300E58F64 /* Project object */ = {
			isa = PBXProject;
			attributes = {
				LastUpgradeCheck = 0620;
				ORGANIZATIONNAME = "David Leonard";
				TargetAttributes = {
					9340C5DE1AB90C3300E58F64 = {
						CreatedOnToolsVersion = 6.2;
					};
					9340C5F31AB90C3300E58F64 = {
						CreatedOnToolsVersion = 6.2;
						TestTargetID = 9340C5DE1AB90C3300E58F64;
					};
				};
			};
			buildConfigurationList = 9340C5DA1AB90C3300E58F64 /* Build configuration list for PBXProject "Segue" */;
			compatibilityVersion = "Xcode 3.2";
			developmentRegion = English;
			hasScannedForEncodings = 0;
			knownRegions = (
				en,
				Base,
			);
			mainGroup = 9340C5D61AB90C3300E58F64;
			productRefGroup = 9340C5E01AB90C3300E58F64 /* Products */;
			projectDirPath = "";
			projectRoot = "";
			targets = (
				9340C5DE1AB90C3300E58F64 /* Segue */,
				9340C5F31AB90C3300E58F64 /* SegueTests */,
			);
		};
/* End PBXProject section */

/* Begin PBXResourcesBuildPhase section */
		9340C5DD1AB90C3300E58F64 /* Resources */ = {
			isa = PBXResourcesBuildPhase;
			buildActionMask = 2147483647;
			files = (
				9340C5EA1AB90C3300E58F64 /* Main.storyboard in Resources */,
				9340C5EF1AB90C3300E58F64 /* LaunchScreen.xib in Resources */,
				9340C5EC1AB90C3300E58F64 /* Images.xcassets in Resources */,
			);
			runOnlyForDeploymentPostprocessing = 0;
		};
		9340C5F21AB90C3300E58F64 /* Resources */ = {
			isa = PBXResourcesBuildPhase;
			buildActionMask = 2147483647;
			files = (
			);
			runOnlyForDeploymentPostprocessing = 0;
		};
/* End PBXResourcesBuildPhase section */

/* Begin PBXSourcesBuildPhase section */
		9340C5DB1AB90C3300E58F64 /* Sources */ = {
			isa = PBXSourcesBuildPhase;
			buildActionMask = 2147483647;
			files = (
				9340C5E71AB90C3300E58F64 /* ViewController.swift in Sources */,
				9340C5E51AB90C3300E58F64 /* AppDelegate.swift in Sources */,
			);
			runOnlyForDeploymentPostprocessing = 0;
		};
		9340C5F01AB90C3300E58F64 /* Sources */ = {
			isa = PBXSourcesBuildPhase;
			buildActionMask = 2147483647;
			files = (
				9340C5FB1AB90C3300E58F64 /* SegueTests.swift in Sources */,
			);
			runOnlyForDeploymentPostprocessing = 0;
		};
/* End PBXSourcesBuildPhase section */

/* Begin PBXTargetDependency section */
		9340C5F61AB90C3300E58F64 /* PBXTargetDependency */ = {
			isa = PBXTargetDependency;
			target = 9340C5DE1AB90C3300E58F64 /* Segue */;
			targetProxy = 9340C5F51AB90C3300E58F64 /* PBXContainerItemProxy */;
		};
/* End PBXTargetDependency section */

/* Begin PBXVariantGroup section */
		9340C5E81AB90C3300E58F64 /* Main.storyboard */ = {
			isa = PBXVariantGroup;
			children = (
				9340C5E91AB90C3300E58F64 /* Base */,
			);
			name = Main.storyboard;
			sourceTree = "<group>";
		};
		9340C5ED1AB90C3300E58F64 /* LaunchScreen.xib */ = {
			isa = PBXVariantGroup;
			children = (
				9340C5EE1AB90C3300E58F64 /* Base */,
			);
			name = LaunchScreen.xib;
			sourceTree = "<group>";
		};
/* End PBXVariantGroup section */

/* Begin XCBuildConfiguration section */
		9340C5FC1AB90C3300E58F64 /* Debug */ = {
			isa = XCBuildConfiguration;
			buildSettings = {
				ALWAYS_SEARCH_USER_PATHS = NO;
				CLANG_CXX_LANGUAGE_STANDARD = "gnu++0x";
				CLANG_CXX_LIBRARY = "libc++";
				CLANG_ENABLE_MODULES = YES;
				CLANG_ENABLE_OBJC_ARC = YES;
				CLANG_WARN_BOOL_CONVERSION = YES;
				CLANG_WARN_CONSTANT_CONVERSION = YES;
				CLANG_WARN_DIRECT_OBJC_ISA_USAGE = YES_ERROR;
				CLANG_WARN_EMPTY_BODY = YES;
				CLANG_WARN_ENUM_CONVERSION = YES;
				CLANG_WARN_INT_CONVERSION = YES;
				CLANG_WARN_OBJC_ROOT_CLASS = YES_ERROR;
				CLANG_WARN_UNREACHABLE_CODE = YES;
				CLANG_WARN__DUPLICATE_METHOD_MATCH = YES;
				"CODE_SIGN_IDENTITY[sdk=iphoneos*]" = "iPhone Developer";
				COPY_PHASE_STRIP = NO;
				ENABLE_STRICT_OBJC_MSGSEND = YES;
				GCC_C_LANGUAGE_STANDARD = gnu99;
				GCC_DYNAMIC_NO_PIC = NO;
				GCC_OPTIMIZATION_LEVEL = 0;
				GCC_PREPROCESSOR_DEFINITIONS = (
					"DEBUG=1",
					"$(inherited)",
				);
				GCC_SYMBOLS_PRIVATE_EXTERN = NO;
				GCC_WARN_64_TO_32_BIT_CONVERSION = YES;
				GCC_WARN_ABOUT_RETURN_TYPE = YES_ERROR;
				GCC_WARN_UNDECLARED_SELECTOR = YES;
				GCC_WARN_UNINITIALIZED_AUTOS = YES_AGGRESSIVE;
				GCC_WARN_UNUSED_FUNCTION = YES;
				GCC_WARN_UNUSED_VARIABLE = YES;
				IPHONEOS_DEPLOYMENT_TARGET = 8.2;
				MTL_ENABLE_DEBUG_INFO = YES;
				ONLY_ACTIVE_ARCH = YES;
				SDKROOT = iphoneos;
				SWIFT_OPTIMIZATION_LEVEL = "-Onone";
			};
			name = Debug;
		};
		9340C5FD1AB90C3300E58F64 /* Release */ = {
			isa = XCBuildConfiguration;
			buildSettings = {
				ALWAYS_SEARCH_USER_PATHS = NO;
				CLANG_CXX_LANGUAGE_STANDARD = "gnu++0x";
				CLANG_CXX_LIBRARY = "libc++";
				CLANG_ENABLE_MODULES = YES;
				CLANG_ENABLE_OBJC_ARC = YES;
				CLANG_WARN_BOOL_CONVERSION = YES;
				CLANG_WARN_CONSTANT_CONVERSION = YES;
				CLANG_WARN_DIRECT_OBJC_ISA_USAGE = YES_ERROR;
				CLANG_WARN_EMPTY_BODY = YES;
				CLANG_WARN_ENUM_CONVERSION = YES;
				CLANG_WARN_INT_CONVERSION = YES;
				CLANG_WARN_OBJC_ROOT_CLASS = YES_ERROR;
				CLANG_WARN_UNREACHABLE_CODE = YES;
				CLANG_WARN__DUPLICATE_METHOD_MATCH = YES;
				"CODE_SIGN_IDENTITY[sdk=iphoneos*]" = "iPhone Developer";
				COPY_PHASE_STRIP = NO;
				ENABLE_NS_ASSERTIONS = NO;
				ENABLE_STRICT_OBJC_MSGSEND = YES;
				GCC_C_LANGUAGE_STANDARD = gnu99;
				GCC_WARN_64_TO_32_BIT_CONVERSION = YES;
				GCC_WARN_ABOUT_RETURN_TYPE = YES_ERROR;
				GCC_WARN_UNDECLARED_SELECTOR = YES;
				GCC_WARN_UNINITIALIZED_AUTOS = YES_AGGRESSIVE;
				GCC_WARN_UNUSED_FUNCTION = YES;
				GCC_WARN_UNUSED_VARIABLE = YES;
				IPHONEOS_DEPLOYMENT_TARGET = 8.2;
				MTL_ENABLE_DEBUG_INFO = NO;
				SDKROOT = iphoneos;
				VALIDATE_PRODUCT = YES;
			};
			name = Release;
		};
		9340C5FF1AB90C3300E58F64 /* Debug */ = {
			isa = XCBuildConfiguration;
			buildSettings = {
				ASSETCATALOG_COMPILER_APPICON_NAME = AppIcon;
				INFOPLIST_FILE = Segue/Info.plist;
				LD_RUNPATH_SEARCH_PATHS = "$(inherited) @executable_path/Frameworks";
				PRODUCT_NAME = "$(TARGET_NAME)";
			};
			name = Debug;
		};
		9340C6001AB90C3300E58F64 /* Release */ = {
			isa = XCBuildConfiguration;
			buildSettings = {
				ASSETCATALOG_COMPILER_APPICON_NAME = AppIcon;
				INFOPLIST_FILE = Segue/Info.plist;
				LD_RUNPATH_SEARCH_PATHS = "$(inherited) @executable_path/Frameworks";
				PRODUCT_NAME = "$(TARGET_NAME)";
			};
			name = Release;
		};
		9340C6021AB90C3300E58F64 /* Debug */ = {
			isa = XCBuildConfiguration;
			buildSettings = {
				BUNDLE_LOADER = "$(TEST_HOST)";
				FRAMEWORK_SEARCH_PATHS = (
					"$(SDKROOT)/Developer/Library/Frameworks",
					"$(inherited)",
				);
				GCC_PREPROCESSOR_DEFINITIONS = (
					"DEBUG=1",
					"$(inherited)",
				);
				INFOPLIST_FILE = SegueTests/Info.plist;
				LD_RUNPATH_SEARCH_PATHS = "$(inherited) @executable_path/Frameworks @loader_path/Frameworks";
				PRODUCT_NAME = "$(TARGET_NAME)";
				TEST_HOST = "$(BUILT_PRODUCTS_DIR)/Segue.app/Segue";
			};
			name = Debug;
		};
		9340C6031AB90C3300E58F64 /* Release */ = {
			isa = XCBuildConfiguration;
			buildSettings = {
				BUNDLE_LOADER = "$(TEST_HOST)";
				FRAMEWORK_SEARCH_PATHS = (
					"$(SDKROOT)/Developer/Library/Frameworks",
					"$(inherited)",
				);
				INFOPLIST_FILE = SegueTests/Info.plist;
				LD_RUNPATH_SEARCH_PATHS = "$(inherited) @executable_path/Frameworks @loader_path/Frameworks";
				PRODUCT_NAME = "$(TARGET_NAME)";
				TEST_HOST = "$(BUILT_PRODUCTS_DIR)/Segue.app/Segue";
			};
			name = Release;
		};
/* End XCBuildConfiguration section */

/* Begin XCConfigurationList section */
		9340C5DA1AB90C3300E58F64 /* Build configuration list for PBXProject "Segue" */ = {
			isa = XCConfigurationList;
			buildConfigurations = (
				9340C5FC1AB90C3300E58F64 /* Debug */,
				9340C5FD1AB90C3300E58F64 /* Release */,
			);
			defaultConfigurationIsVisible = 0;
			defaultConfigurationName = Release;
		};
		9340C5FE1AB90C3300E58F64 /* Build configuration list for PBXNativeTarget "Segue" */ = {
			isa = XCConfigurationList;
			buildConfigurations = (
				9340C5FF1AB90C3300E58F64 /* Debug */,
				9340C6001AB90C3300E58F64 /* Release */,
			);
			defaultConfigurationIsVisible = 0;
		};
		9340C6011AB90C3300E58F64 /* Build configuration list for PBXNativeTarget "SegueTests" */ = {
			isa = XCConfigurationList;
			buildConfigurations = (
				9340C6021AB90C3300E58F64 /* Debug */,
				9340C6031AB90C3300E58F64 /* Release */,
			);
			defaultConfigurationIsVisible = 0;
		};
/* End XCConfigurationList section */
	};
	rootObject = 9340C5D71AB90C3300E58F64 /* Project object */;
}
