// !$*UTF8*$!
{
	archiveVersion = 1;
	classes = {
	};
	objectVersion = 46;
	objects = {

/* Begin PBXBuildFile section */
		937673941AB7B30E006D47FB /* AppDelegate.swift in Sources */ = {isa = PBXBuildFile; fileRef = 937673931AB7B30E006D47FB /* AppDelegate.swift */; };
		937673961AB7B30E006D47FB /* ViewController.swift in Sources */ = {isa = PBXBuildFile; fileRef = 937673951AB7B30E006D47FB /* ViewController.swift */; };
		937673991AB7B30E006D47FB /* Main.storyboard in Resources */ = {isa = PBXBuildFile; fileRef = 937673971AB7B30E006D47FB /* Main.storyboard */; };
		9376739B1AB7B30E006D47FB /* Images.xcassets in Resources */ = {isa = PBXBuildFile; fileRef = 9376739A1AB7B30E006D47FB /* Images.xcassets */; };
		9376739E1AB7B30E006D47FB /* LaunchScreen.xib in Resources */ = {isa = PBXBuildFile; fileRef = 9376739C1AB7B30E006D47FB /* LaunchScreen.xib */; };
		937673AA1AB7B30E006D47FB /* Table_ViewsTests.swift in Sources */ = {isa = PBXBuildFile; fileRef = 937673A91AB7B30E006D47FB /* Table_ViewsTests.swift */; };
/* End PBXBuildFile section */

/* Begin PBXContainerItemProxy section */
		937673A41AB7B30E006D47FB /* PBXContainerItemProxy */ = {
			isa = PBXContainerItemProxy;
			containerPortal = 937673861AB7B30E006D47FB /* Project object */;
			proxyType = 1;
			remoteGlobalIDString = 9376738D1AB7B30E006D47FB;
			remoteInfo = "Table Views";
		};
/* End PBXContainerItemProxy section */

/* Begin PBXFileReference section */
		9376738E1AB7B30E006D47FB /* Table Views.app */ = {isa = PBXFileReference; explicitFileType = wrapper.application; includeInIndex = 0; path = "Table Views.app"; sourceTree = BUILT_PRODUCTS_DIR; };
		937673921AB7B30E006D47FB /* Info.plist */ = {isa = PBXFileReference; lastKnownFileType = text.plist.xml; path = Info.plist; sourceTree = "<group>"; };
		937673931AB7B30E006D47FB /* AppDelegate.swift */ = {isa = PBXFileReference; lastKnownFileType = sourcecode.swift; path = AppDelegate.swift; sourceTree = "<group>"; };
		937673951AB7B30E006D47FB /* ViewController.swift */ = {isa = PBXFileReference; lastKnownFileType = sourcecode.swift; path = ViewController.swift; sourceTree = "<group>"; };
		937673981AB7B30E006D47FB /* Base */ = {isa = PBXFileReference; lastKnownFileType = file.storyboard; name = Base; path = Base.lproj/Main.storyboard; sourceTree = "<group>"; };
		9376739A1AB7B30E006D47FB /* Images.xcassets */ = {isa = PBXFileReference; lastKnownFileType = folder.assetcatalog; path = Images.xcassets; sourceTree = "<group>"; };
		9376739D1AB7B30E006D47FB /* Base */ = {isa = PBXFileReference; lastKnownFileType = file.xib; name = Base; path = Base.lproj/LaunchScreen.xib; sourceTree = "<group>"; };
		937673A31AB7B30E006D47FB /* Table ViewsTests.xctest */ = {isa = PBXFileReference; explicitFileType = wrapper.cfbundle; includeInIndex = 0; path = "Table ViewsTests.xctest"; sourceTree = BUILT_PRODUCTS_DIR; };
		937673A81AB7B30E006D47FB /* Info.plist */ = {isa = PBXFileReference; lastKnownFileType = text.plist.xml; path = Info.plist; sourceTree = "<group>"; };
		937673A91AB7B30E006D47FB /* Table_ViewsTests.swift */ = {isa = PBXFileReference; lastKnownFileType = sourcecode.swift; path = Table_ViewsTests.swift; sourceTree = "<group>"; };
/* End PBXFileReference section */

/* Begin PBXFrameworksBuildPhase section */
		9376738B1AB7B30E006D47FB /* Frameworks */ = {
			isa = PBXFrameworksBuildPhase;
			buildActionMask = 2147483647;
			files = (
			);
			runOnlyForDeploymentPostprocessing = 0;
		};
		937673A01AB7B30E006D47FB /* Frameworks */ = {
			isa = PBXFrameworksBuildPhase;
			buildActionMask = 2147483647;
			files = (
			);
			runOnlyForDeploymentPostprocessing = 0;
		};
/* End PBXFrameworksBuildPhase section */

/* Begin PBXGroup section */
		937673851AB7B30E006D47FB = {
			isa = PBXGroup;
			children = (
				937673901AB7B30E006D47FB /* Table Views */,
				937673A61AB7B30E006D47FB /* Table ViewsTests */,
				9376738F1AB7B30E006D47FB /* Products */,
			);
			sourceTree = "<group>";
		};
		9376738F1AB7B30E006D47FB /* Products */ = {
			isa = PBXGroup;
			children = (
				9376738E1AB7B30E006D47FB /* Table Views.app */,
				937673A31AB7B30E006D47FB /* Table ViewsTests.xctest */,
			);
			name = Products;
			sourceTree = "<group>";
		};
		937673901AB7B30E006D47FB /* Table Views */ = {
			isa = PBXGroup;
			children = (
				937673931AB7B30E006D47FB /* AppDelegate.swift */,
				937673951AB7B30E006D47FB /* ViewController.swift */,
				937673971AB7B30E006D47FB /* Main.storyboard */,
				9376739A1AB7B30E006D47FB /* Images.xcassets */,
				9376739C1AB7B30E006D47FB /* LaunchScreen.xib */,
				937673911AB7B30E006D47FB /* Supporting Files */,
			);
			path = "Table Views";
			sourceTree = "<group>";
		};
		937673911AB7B30E006D47FB /* Supporting Files */ = {
			isa = PBXGroup;
			children = (
				937673921AB7B30E006D47FB /* Info.plist */,
			);
			name = "Supporting Files";
			sourceTree = "<group>";
		};
		937673A61AB7B30E006D47FB /* Table ViewsTests */ = {
			isa = PBXGroup;
			children = (
				937673A91AB7B30E006D47FB /* Table_ViewsTests.swift */,
				937673A71AB7B30E006D47FB /* Supporting Files */,
			);
			path = "Table ViewsTests";
			sourceTree = "<group>";
		};
		937673A71AB7B30E006D47FB /* Supporting Files */ = {
			isa = PBXGroup;
			children = (
				937673A81AB7B30E006D47FB /* Info.plist */,
			);
			name = "Supporting Files";
			sourceTree = "<group>";
		};
/* End PBXGroup section */

/* Begin PBXNativeTarget section */
		9376738D1AB7B30E006D47FB /* Table Views */ = {
			isa = PBXNativeTarget;
			buildConfigurationList = 937673AD1AB7B30E006D47FB /* Build configuration list for PBXNativeTarget "Table Views" */;
			buildPhases = (
				9376738A1AB7B30E006D47FB /* Sources */,
				9376738B1AB7B30E006D47FB /* Frameworks */,
				9376738C1AB7B30E006D47FB /* Resources */,
			);
			buildRules = (
			);
			dependencies = (
			);
			name = "Table Views";
			productName = "Table Views";
			productReference = 9376738E1AB7B30E006D47FB /* Table Views.app */;
			productType = "com.apple.product-type.application";
		};
		937673A21AB7B30E006D47FB /* Table ViewsTests */ = {
			isa = PBXNativeTarget;
			buildConfigurationList = 937673B01AB7B30E006D47FB /* Build configuration list for PBXNativeTarget "Table ViewsTests" */;
			buildPhases = (
				9376739F1AB7B30E006D47FB /* Sources */,
				937673A01AB7B30E006D47FB /* Frameworks */,
				937673A11AB7B30E006D47FB /* Resources */,
			);
			buildRules = (
			);
			dependencies = (
				937673A51AB7B30E006D47FB /* PBXTargetDependency */,
			);
			name = "Table ViewsTests";
			productName = "Table ViewsTests";
			productReference = 937673A31AB7B30E006D47FB /* Table ViewsTests.xctest */;
			productType = "com.apple.product-type.bundle.unit-test";
		};
/* End PBXNativeTarget section */

/* Begin PBXProject section */
		937673861AB7B30E006D47FB /* Project object */ = {
			isa = PBXProject;
			attributes = {
				LastUpgradeCheck = 0620;
				ORGANIZATIONNAME = "David Leonard";
				TargetAttributes = {
					9376738D1AB7B30E006D47FB = {
						CreatedOnToolsVersion = 6.2;
					};
					937673A21AB7B30E006D47FB = {
						CreatedOnToolsVersion = 6.2;
						TestTargetID = 9376738D1AB7B30E006D47FB;
					};
				};
			};
			buildConfigurationList = 937673891AB7B30E006D47FB /* Build configuration list for PBXProject "Table Views" */;
			compatibilityVersion = "Xcode 3.2";
			developmentRegion = English;
			hasScannedForEncodings = 0;
			knownRegions = (
				en,
				Base,
			);
			mainGroup = 937673851AB7B30E006D47FB;
			productRefGroup = 9376738F1AB7B30E006D47FB /* Products */;
			projectDirPath = "";
			projectRoot = "";
			targets = (
				9376738D1AB7B30E006D47FB /* Table Views */,
				937673A21AB7B30E006D47FB /* Table ViewsTests */,
			);
		};
/* End PBXProject section */

/* Begin PBXResourcesBuildPhase section */
		9376738C1AB7B30E006D47FB /* Resources */ = {
			isa = PBXResourcesBuildPhase;
			buildActionMask = 2147483647;
			files = (
				937673991AB7B30E006D47FB /* Main.storyboard in Resources */,
				9376739E1AB7B30E006D47FB /* LaunchScreen.xib in Resources */,
				9376739B1AB7B30E006D47FB /* Images.xcassets in Resources */,
			);
			runOnlyForDeploymentPostprocessing = 0;
		};
		937673A11AB7B30E006D47FB /* Resources */ = {
			isa = PBXResourcesBuildPhase;
			buildActionMask = 2147483647;
			files = (
			);
			runOnlyForDeploymentPostprocessing = 0;
		};
/* End PBXResourcesBuildPhase section */

/* Begin PBXSourcesBuildPhase section */
		9376738A1AB7B30E006D47FB /* Sources */ = {
			isa = PBXSourcesBuildPhase;
			buildActionMask = 2147483647;
			files = (
				937673961AB7B30E006D47FB /* ViewController.swift in Sources */,
				937673941AB7B30E006D47FB /* AppDelegate.swift in Sources */,
			);
			runOnlyForDeploymentPostprocessing = 0;
		};
		9376739F1AB7B30E006D47FB /* Sources */ = {
			isa = PBXSourcesBuildPhase;
			buildActionMask = 2147483647;
			files = (
				937673AA1AB7B30E006D47FB /* Table_ViewsTests.swift in Sources */,
			);
			runOnlyForDeploymentPostprocessing = 0;
		};
/* End PBXSourcesBuildPhase section */

/* Begin PBXTargetDependency section */
		937673A51AB7B30E006D47FB /* PBXTargetDependency */ = {
			isa = PBXTargetDependency;
			target = 9376738D1AB7B30E006D47FB /* Table Views */;
			targetProxy = 937673A41AB7B30E006D47FB /* PBXContainerItemProxy */;
		};
/* End PBXTargetDependency section */

/* Begin PBXVariantGroup section */
		937673971AB7B30E006D47FB /* Main.storyboard */ = {
			isa = PBXVariantGroup;
			children = (
				937673981AB7B30E006D47FB /* Base */,
			);
			name = Main.storyboard;
			sourceTree = "<group>";
		};
		9376739C1AB7B30E006D47FB /* LaunchScreen.xib */ = {
			isa = PBXVariantGroup;
			children = (
				9376739D1AB7B30E006D47FB /* Base */,
			);
			name = LaunchScreen.xib;
			sourceTree = "<group>";
		};
/* End PBXVariantGroup section */

/* Begin XCBuildConfiguration section */
		937673AB1AB7B30E006D47FB /* Debug */ = {
			isa = XCBuildConfiguration;
			buildSettings = {
				ALWAYS_SEARCH_USER_PATHS = NO;
				CLANG_CXX_LANGUAGE_STANDARD = "gnu++0x";
				CLANG_CXX_LIBRARY = "libc++";
				CLANG_ENABLE_MODULES = YES;
				CLANG_ENABLE_OBJC_ARC = YES;
				CLANG_WARN_BOOL_CONVERSION = YES;
				CLANG_WARN_CONSTANT_CONVERSION = YES;
				CLANG_WARN_DIRECT_OBJC_ISA_USAGE = YES_ERROR;
				CLANG_WARN_EMPTY_BODY = YES;
				CLANG_WARN_ENUM_CONVERSION = YES;
				CLANG_WARN_INT_CONVERSION = YES;
				CLANG_WARN_OBJC_ROOT_CLASS = YES_ERROR;
				CLANG_WARN_UNREACHABLE_CODE = YES;
				CLANG_WARN__DUPLICATE_METHOD_MATCH = YES;
				"CODE_SIGN_IDENTITY[sdk=iphoneos*]" = "iPhone Developer";
				COPY_PHASE_STRIP = NO;
				ENABLE_STRICT_OBJC_MSGSEND = YES;
				GCC_C_LANGUAGE_STANDARD = gnu99;
				GCC_DYNAMIC_NO_PIC = NO;
				GCC_OPTIMIZATION_LEVEL = 0;
				GCC_PREPROCESSOR_DEFINITIONS = (
					"DEBUG=1",
					"$(inherited)",
				);
				GCC_SYMBOLS_PRIVATE_EXTERN = NO;
				GCC_WARN_64_TO_32_BIT_CONVERSION = YES;
				GCC_WARN_ABOUT_RETURN_TYPE = YES_ERROR;
				GCC_WARN_UNDECLARED_SELECTOR = YES;
				GCC_WARN_UNINITIALIZED_AUTOS = YES_AGGRESSIVE;
				GCC_WARN_UNUSED_FUNCTION = YES;
				GCC_WARN_UNUSED_VARIABLE = YES;
				IPHONEOS_DEPLOYMENT_TARGET = 8.2;
				MTL_ENABLE_DEBUG_INFO = YES;
				ONLY_ACTIVE_ARCH = YES;
				SDKROOT = iphoneos;
				SWIFT_OPTIMIZATION_LEVEL = "-Onone";
			};
			name = Debug;
		};
		937673AC1AB7B30E006D47FB /* Release */ = {
			isa = XCBuildConfiguration;
			buildSettings = {
				ALWAYS_SEARCH_USER_PATHS = NO;
				CLANG_CXX_LANGUAGE_STANDARD = "gnu++0x";
				CLANG_CXX_LIBRARY = "libc++";
				CLANG_ENABLE_MODULES = YES;
				CLANG_ENABLE_OBJC_ARC = YES;
				CLANG_WARN_BOOL_CONVERSION = YES;
				CLANG_WARN_CONSTANT_CONVERSION = YES;
				CLANG_WARN_DIRECT_OBJC_ISA_USAGE = YES_ERROR;
				CLANG_WARN_EMPTY_BODY = YES;
				CLANG_WARN_ENUM_CONVERSION = YES;
				CLANG_WARN_INT_CONVERSION = YES;
				CLANG_WARN_OBJC_ROOT_CLASS = YES_ERROR;
				CLANG_WARN_UNREACHABLE_CODE = YES;
				CLANG_WARN__DUPLICATE_METHOD_MATCH = YES;
				"CODE_SIGN_IDENTITY[sdk=iphoneos*]" = "iPhone Developer";
				COPY_PHASE_STRIP = NO;
				ENABLE_NS_ASSERTIONS = NO;
				ENABLE_STRICT_OBJC_MSGSEND = YES;
				GCC_C_LANGUAGE_STANDARD = gnu99;
				GCC_WARN_64_TO_32_BIT_CONVERSION = YES;
				GCC_WARN_ABOUT_RETURN_TYPE = YES_ERROR;
				GCC_WARN_UNDECLARED_SELECTOR = YES;
				GCC_WARN_UNINITIALIZED_AUTOS = YES_AGGRESSIVE;
				GCC_WARN_UNUSED_FUNCTION = YES;
				GCC_WARN_UNUSED_VARIABLE = YES;
				IPHONEOS_DEPLOYMENT_TARGET = 8.2;
				MTL_ENABLE_DEBUG_INFO = NO;
				SDKROOT = iphoneos;
				VALIDATE_PRODUCT = YES;
			};
			name = Release;
		};
		937673AE1AB7B30E006D47FB /* Debug */ = {
			isa = XCBuildConfiguration;
			buildSettings = {
				ASSETCATALOG_COMPILER_APPICON_NAME = AppIcon;
				INFOPLIST_FILE = "Table Views/Info.plist";
				LD_RUNPATH_SEARCH_PATHS = "$(inherited) @executable_path/Frameworks";
				PRODUCT_NAME = "$(TARGET_NAME)";
			};
			name = Debug;
		};
		937673AF1AB7B30E006D47FB /* Release */ = {
			isa = XCBuildConfiguration;
			buildSettings = {
				ASSETCATALOG_COMPILER_APPICON_NAME = AppIcon;
				INFOPLIST_FILE = "Table Views/Info.plist";
				LD_RUNPATH_SEARCH_PATHS = "$(inherited) @executable_path/Frameworks";
				PRODUCT_NAME = "$(TARGET_NAME)";
			};
			name = Release;
		};
		937673B11AB7B30E006D47FB /* Debug */ = {
			isa = XCBuildConfiguration;
			buildSettings = {
				BUNDLE_LOADER = "$(TEST_HOST)";
				FRAMEWORK_SEARCH_PATHS = (
					"$(SDKROOT)/Developer/Library/Frameworks",
					"$(inherited)",
				);
				GCC_PREPROCESSOR_DEFINITIONS = (
					"DEBUG=1",
					"$(inherited)",
				);
				INFOPLIST_FILE = "Table ViewsTests/Info.plist";
				LD_RUNPATH_SEARCH_PATHS = "$(inherited) @executable_path/Frameworks @loader_path/Frameworks";
				PRODUCT_NAME = "$(TARGET_NAME)";
				TEST_HOST = "$(BUILT_PRODUCTS_DIR)/Table Views.app/Table Views";
			};
			name = Debug;
		};
		937673B21AB7B30E006D47FB /* Release */ = {
			isa = XCBuildConfiguration;
			buildSettings = {
				BUNDLE_LOADER = "$(TEST_HOST)";
				FRAMEWORK_SEARCH_PATHS = (
					"$(SDKROOT)/Developer/Library/Frameworks",
					"$(inherited)",
				);
				INFOPLIST_FILE = "Table ViewsTests/Info.plist";
				LD_RUNPATH_SEARCH_PATHS = "$(inherited) @executable_path/Frameworks @loader_path/Frameworks";
				PRODUCT_NAME = "$(TARGET_NAME)";
				TEST_HOST = "$(BUILT_PRODUCTS_DIR)/Table Views.app/Table Views";
			};
			name = Release;
		};
/* End XCBuildConfiguration section */

/* Begin XCConfigurationList section */
		937673891AB7B30E006D47FB /* Build configuration list for PBXProject "Table Views" */ = {
			isa = XCConfigurationList;
			buildConfigurations = (
				937673AB1AB7B30E006D47FB /* Debug */,
				937673AC1AB7B30E006D47FB /* Release */,
			);
			defaultConfigurationIsVisible = 0;
			defaultConfigurationName = Release;
		};
		937673AD1AB7B30E006D47FB /* Build configuration list for PBXNativeTarget "Table Views" */ = {
			isa = XCConfigurationList;
			buildConfigurations = (
				937673AE1AB7B30E006D47FB /* Debug */,
				937673AF1AB7B30E006D47FB /* Release */,
			);
			defaultConfigurationIsVisible = 0;
		};
		937673B01AB7B30E006D47FB /* Build configuration list for PBXNativeTarget "Table ViewsTests" */ = {
			isa = XCConfigurationList;
			buildConfigurations = (
				937673B11AB7B30E006D47FB /* Debug */,
				937673B21AB7B30E006D47FB /* Release */,
			);
			defaultConfigurationIsVisible = 0;
		};
/* End XCConfigurationList section */
	};
	rootObject = 937673861AB7B30E006D47FB /* Project object */;
}
