// !$*UTF8*$!
{
	archiveVersion = 1;
	classes = {
	};
	objectVersion = 46;
	objects = {

/* Begin PBXBuildFile section */
		9373B7411AC23F5E00CB8E29 /* libsqlite3.dylib in Frameworks */ = {isa = PBXBuildFile; fileRef = 9373B7401AC23F5E00CB8E29 /* libsqlite3.dylib */; };
		C8D41C4E19B46D7300CCED68 /* AppDelegate.swift in Sources */ = {isa = PBXBuildFile; fileRef = C8D41C4D19B46D7300CCED68 /* AppDelegate.swift */; };
		C8D41C5019B46D7300CCED68 /* ViewController.swift in Sources */ = {isa = PBXBuildFile; fileRef = C8D41C4F19B46D7300CCED68 /* ViewController.swift */; };
		C8D41C5319B46D7300CCED68 /* Main.storyboard in Resources */ = {isa = PBXBuildFile; fileRef = C8D41C5119B46D7300CCED68 /* Main.storyboard */; };
		C8D41C5519B46D7300CCED68 /* Images.xcassets in Resources */ = {isa = PBXBuildFile; fileRef = C8D41C5419B46D7300CCED68 /* Images.xcassets */; };
		C8D41C6119B46D7400CCED68 /* InstagramTests.swift in Sources */ = {isa = PBXBuildFile; fileRef = C8D41C6019B46D7400CCED68 /* InstagramTests.swift */; };
		C8D41C6C19B46DE100CCED68 /* Bolts.framework in Frameworks */ = {isa = PBXBuildFile; fileRef = C8D41C6A19B46DE100CCED68 /* Bolts.framework */; };
		C8D41C6D19B46DE100CCED68 /* Parse.framework in Frameworks */ = {isa = PBXBuildFile; fileRef = C8D41C6B19B46DE100CCED68 /* Parse.framework */; };
		C8D41C6F19B46E9A00CCED68 /* AudioToolbox.framework in Frameworks */ = {isa = PBXBuildFile; fileRef = C8D41C6E19B46E9A00CCED68 /* AudioToolbox.framework */; };
		C8D41C7119B46E9F00CCED68 /* CFNetwork.framework in Frameworks */ = {isa = PBXBuildFile; fileRef = C8D41C7019B46E9F00CCED68 /* CFNetwork.framework */; };
		C8D41C7319B46EA800CCED68 /* CoreGraphics.framework in Frameworks */ = {isa = PBXBuildFile; fileRef = C8D41C7219B46EA800CCED68 /* CoreGraphics.framework */; };
		C8D41C7519B46EAD00CCED68 /* CoreLocation.framework in Frameworks */ = {isa = PBXBuildFile; fileRef = C8D41C7419B46EAD00CCED68 /* CoreLocation.framework */; };
		C8D41C7719B46EB700CCED68 /* libz.dylib in Frameworks */ = {isa = PBXBuildFile; fileRef = C8D41C7619B46EB700CCED68 /* libz.dylib */; };
		C8D41C7919B46EC100CCED68 /* MobileCoreServices.framework in Frameworks */ = {isa = PBXBuildFile; fileRef = C8D41C7819B46EC100CCED68 /* MobileCoreServices.framework */; };
		C8D41C7B19B46EC600CCED68 /* QuartzCore.framework in Frameworks */ = {isa = PBXBuildFile; fileRef = C8D41C7A19B46EC600CCED68 /* QuartzCore.framework */; };
		C8D41C7D19B46ECF00CCED68 /* Security.framework in Frameworks */ = {isa = PBXBuildFile; fileRef = C8D41C7C19B46ECF00CCED68 /* Security.framework */; };
		C8D41C7F19B46ED400CCED68 /* StoreKit.framework in Frameworks */ = {isa = PBXBuildFile; fileRef = C8D41C7E19B46ED400CCED68 /* StoreKit.framework */; };
		C8D41C8119B46EDB00CCED68 /* SystemConfiguration.framework in Frameworks */ = {isa = PBXBuildFile; fileRef = C8D41C8019B46EDB00CCED68 /* SystemConfiguration.framework */; };
/* End PBXBuildFile section */

/* Begin PBXContainerItemProxy section */
		C8D41C5B19B46D7300CCED68 /* PBXContainerItemProxy */ = {
			isa = PBXContainerItemProxy;
			containerPortal = C8D41C4019B46D7300CCED68 /* Project object */;
			proxyType = 1;
			remoteGlobalIDString = C8D41C4719B46D7300CCED68;
			remoteInfo = Instagram;
		};
/* End PBXContainerItemProxy section */

/* Begin PBXFileReference section */
		9373B7401AC23F5E00CB8E29 /* libsqlite3.dylib */ = {isa = PBXFileReference; lastKnownFileType = "compiled.mach-o.dylib"; name = libsqlite3.dylib; path = usr/lib/libsqlite3.dylib; sourceTree = SDKROOT; };
		C8D41C4819B46D7300CCED68 /* Instagram.app */ = {isa = PBXFileReference; explicitFileType = wrapper.application; includeInIndex = 0; path = Instagram.app; sourceTree = BUILT_PRODUCTS_DIR; };
		C8D41C4C19B46D7300CCED68 /* Info.plist */ = {isa = PBXFileReference; lastKnownFileType = text.plist.xml; path = Info.plist; sourceTree = "<group>"; };
		C8D41C4D19B46D7300CCED68 /* AppDelegate.swift */ = {isa = PBXFileReference; lastKnownFileType = sourcecode.swift; path = AppDelegate.swift; sourceTree = "<group>"; };
		C8D41C4F19B46D7300CCED68 /* ViewController.swift */ = {isa = PBXFileReference; lastKnownFileType = sourcecode.swift; path = ViewController.swift; sourceTree = "<group>"; };
		C8D41C5219B46D7300CCED68 /* Base */ = {isa = PBXFileReference; lastKnownFileType = file.storyboard; name = Base; path = Base.lproj/Main.storyboard; sourceTree = "<group>"; };
		C8D41C5419B46D7300CCED68 /* Images.xcassets */ = {isa = PBXFileReference; lastKnownFileType = folder.assetcatalog; path = Images.xcassets; sourceTree = "<group>"; };
		C8D41C5A19B46D7300CCED68 /* InstagramTests.xctest */ = {isa = PBXFileReference; explicitFileType = wrapper.cfbundle; includeInIndex = 0; path = InstagramTests.xctest; sourceTree = BUILT_PRODUCTS_DIR; };
		C8D41C5F19B46D7300CCED68 /* Info.plist */ = {isa = PBXFileReference; lastKnownFileType = text.plist.xml; path = Info.plist; sourceTree = "<group>"; };
		C8D41C6019B46D7400CCED68 /* InstagramTests.swift */ = {isa = PBXFileReference; lastKnownFileType = sourcecode.swift; path = InstagramTests.swift; sourceTree = "<group>"; };
		C8D41C6A19B46DE100CCED68 /* Bolts.framework */ = {isa = PBXFileReference; lastKnownFileType = wrapper.framework; path = Bolts.framework; sourceTree = "<group>"; };
		C8D41C6B19B46DE100CCED68 /* Parse.framework */ = {isa = PBXFileReference; lastKnownFileType = wrapper.framework; path = Parse.framework; sourceTree = "<group>"; };
		C8D41C6E19B46E9A00CCED68 /* AudioToolbox.framework */ = {isa = PBXFileReference; lastKnownFileType = wrapper.framework; name = AudioToolbox.framework; path = System/Library/Frameworks/AudioToolbox.framework; sourceTree = SDKROOT; };
		C8D41C7019B46E9F00CCED68 /* CFNetwork.framework */ = {isa = PBXFileReference; lastKnownFileType = wrapper.framework; name = CFNetwork.framework; path = System/Library/Frameworks/CFNetwork.framework; sourceTree = SDKROOT; };
		C8D41C7219B46EA800CCED68 /* CoreGraphics.framework */ = {isa = PBXFileReference; lastKnownFileType = wrapper.framework; name = CoreGraphics.framework; path = System/Library/Frameworks/CoreGraphics.framework; sourceTree = SDKROOT; };
		C8D41C7419B46EAD00CCED68 /* CoreLocation.framework */ = {isa = PBXFileReference; lastKnownFileType = wrapper.framework; name = CoreLocation.framework; path = System/Library/Frameworks/CoreLocation.framework; sourceTree = SDKROOT; };
		C8D41C7619B46EB700CCED68 /* libz.dylib */ = {isa = PBXFileReference; lastKnownFileType = "compiled.mach-o.dylib"; name = libz.dylib; path = usr/lib/libz.dylib; sourceTree = SDKROOT; };
		C8D41C7819B46EC100CCED68 /* MobileCoreServices.framework */ = {isa = PBXFileReference; lastKnownFileType = wrapper.framework; name = MobileCoreServices.framework; path = System/Library/Frameworks/MobileCoreServices.framework; sourceTree = SDKROOT; };
		C8D41C7A19B46EC600CCED68 /* QuartzCore.framework */ = {isa = PBXFileReference; lastKnownFileType = wrapper.framework; name = QuartzCore.framework; path = System/Library/Frameworks/QuartzCore.framework; sourceTree = SDKROOT; };
		C8D41C7C19B46ECF00CCED68 /* Security.framework */ = {isa = PBXFileReference; lastKnownFileType = wrapper.framework; name = Security.framework; path = System/Library/Frameworks/Security.framework; sourceTree = SDKROOT; };
		C8D41C7E19B46ED400CCED68 /* StoreKit.framework */ = {isa = PBXFileReference; lastKnownFileType = wrapper.framework; name = StoreKit.framework; path = System/Library/Frameworks/StoreKit.framework; sourceTree = SDKROOT; };
		C8D41C8019B46EDB00CCED68 /* SystemConfiguration.framework */ = {isa = PBXFileReference; lastKnownFileType = wrapper.framework; name = SystemConfiguration.framework; path = System/Library/Frameworks/SystemConfiguration.framework; sourceTree = SDKROOT; };
		C8D41C8219B46F6F00CCED68 /* Instagram-Bridging-Header.h */ = {isa = PBXFileReference; lastKnownFileType = sourcecode.c.h; path = "Instagram-Bridging-Header.h"; sourceTree = "<group>"; };
/* End PBXFileReference section */

/* Begin PBXFrameworksBuildPhase section */
		C8D41C4519B46D7300CCED68 /* Frameworks */ = {
			isa = PBXFrameworksBuildPhase;
			buildActionMask = 2147483647;
			files = (
				9373B7411AC23F5E00CB8E29 /* libsqlite3.dylib in Frameworks */,
				C8D41C8119B46EDB00CCED68 /* SystemConfiguration.framework in Frameworks */,
				C8D41C7F19B46ED400CCED68 /* StoreKit.framework in Frameworks */,
				C8D41C7D19B46ECF00CCED68 /* Security.framework in Frameworks */,
				C8D41C7B19B46EC600CCED68 /* QuartzCore.framework in Frameworks */,
				C8D41C7919B46EC100CCED68 /* MobileCoreServices.framework in Frameworks */,
				C8D41C7719B46EB700CCED68 /* libz.dylib in Frameworks */,
				C8D41C7519B46EAD00CCED68 /* CoreLocation.framework in Frameworks */,
				C8D41C7319B46EA800CCED68 /* CoreGraphics.framework in Frameworks */,
				C8D41C7119B46E9F00CCED68 /* CFNetwork.framework in Frameworks */,
				C8D41C6F19B46E9A00CCED68 /* AudioToolbox.framework in Frameworks */,
				C8D41C6D19B46DE100CCED68 /* Parse.framework in Frameworks */,
				C8D41C6C19B46DE100CCED68 /* Bolts.framework in Frameworks */,
			);
			runOnlyForDeploymentPostprocessing = 0;
		};
		C8D41C5719B46D7300CCED68 /* Frameworks */ = {
			isa = PBXFrameworksBuildPhase;
			buildActionMask = 2147483647;
			files = (
			);
			runOnlyForDeploymentPostprocessing = 0;
		};
/* End PBXFrameworksBuildPhase section */

/* Begin PBXGroup section */
		C8D41C3F19B46D7300CCED68 = {
			isa = PBXGroup;
			children = (
				9373B7401AC23F5E00CB8E29 /* libsqlite3.dylib */,
				C8D41C8019B46EDB00CCED68 /* SystemConfiguration.framework */,
				C8D41C7E19B46ED400CCED68 /* StoreKit.framework */,
				C8D41C7C19B46ECF00CCED68 /* Security.framework */,
				C8D41C7A19B46EC600CCED68 /* QuartzCore.framework */,
				C8D41C7819B46EC100CCED68 /* MobileCoreServices.framework */,
				C8D41C7619B46EB700CCED68 /* libz.dylib */,
				C8D41C7419B46EAD00CCED68 /* CoreLocation.framework */,
				C8D41C7219B46EA800CCED68 /* CoreGraphics.framework */,
				C8D41C7019B46E9F00CCED68 /* CFNetwork.framework */,
				C8D41C6E19B46E9A00CCED68 /* AudioToolbox.framework */,
				C8D41C4A19B46D7300CCED68 /* Instagram */,
				C8D41C5D19B46D7300CCED68 /* InstagramTests */,
				C8D41C4919B46D7300CCED68 /* Products */,
				C8D41C8219B46F6F00CCED68 /* Instagram-Bridging-Header.h */,
			);
			sourceTree = "<group>";
		};
		C8D41C4919B46D7300CCED68 /* Products */ = {
			isa = PBXGroup;
			children = (
				C8D41C4819B46D7300CCED68 /* Instagram.app */,
				C8D41C5A19B46D7300CCED68 /* InstagramTests.xctest */,
			);
			name = Products;
			sourceTree = "<group>";
		};
		C8D41C4A19B46D7300CCED68 /* Instagram */ = {
			isa = PBXGroup;
			children = (
				C8D41C6A19B46DE100CCED68 /* Bolts.framework */,
				C8D41C6B19B46DE100CCED68 /* Parse.framework */,
				C8D41C4D19B46D7300CCED68 /* AppDelegate.swift */,
				C8D41C4F19B46D7300CCED68 /* ViewController.swift */,
				C8D41C5119B46D7300CCED68 /* Main.storyboard */,
				C8D41C5419B46D7300CCED68 /* Images.xcassets */,
				C8D41C4B19B46D7300CCED68 /* Supporting Files */,
			);
			path = Instagram;
			sourceTree = "<group>";
		};
		C8D41C4B19B46D7300CCED68 /* Supporting Files */ = {
			isa = PBXGroup;
			children = (
				C8D41C4C19B46D7300CCED68 /* Info.plist */,
			);
			name = "Supporting Files";
			sourceTree = "<group>";
		};
		C8D41C5D19B46D7300CCED68 /* InstagramTests */ = {
			isa = PBXGroup;
			children = (
				C8D41C6019B46D7400CCED68 /* InstagramTests.swift */,
				C8D41C5E19B46D7300CCED68 /* Supporting Files */,
			);
			path = InstagramTests;
			sourceTree = "<group>";
		};
		C8D41C5E19B46D7300CCED68 /* Supporting Files */ = {
			isa = PBXGroup;
			children = (
				C8D41C5F19B46D7300CCED68 /* Info.plist */,
			);
			name = "Supporting Files";
			sourceTree = "<group>";
		};
/* End PBXGroup section */

/* Begin PBXNativeTarget section */
		C8D41C4719B46D7300CCED68 /* Instagram */ = {
			isa = PBXNativeTarget;
			buildConfigurationList = C8D41C6419B46D7400CCED68 /* Build configuration list for PBXNativeTarget "Instagram" */;
			buildPhases = (
				C8D41C4419B46D7300CCED68 /* Sources */,
				C8D41C4519B46D7300CCED68 /* Frameworks */,
				C8D41C4619B46D7300CCED68 /* Resources */,
			);
			buildRules = (
			);
			dependencies = (
			);
			name = Instagram;
			productName = Instagram;
			productReference = C8D41C4819B46D7300CCED68 /* Instagram.app */;
			productType = "com.apple.product-type.application";
		};
		C8D41C5919B46D7300CCED68 /* InstagramTests */ = {
			isa = PBXNativeTarget;
			buildConfigurationList = C8D41C6719B46D7400CCED68 /* Build configuration list for PBXNativeTarget "InstagramTests" */;
			buildPhases = (
				C8D41C5619B46D7300CCED68 /* Sources */,
				C8D41C5719B46D7300CCED68 /* Frameworks */,
				C8D41C5819B46D7300CCED68 /* Resources */,
			);
			buildRules = (
			);
			dependencies = (
				C8D41C5C19B46D7300CCED68 /* PBXTargetDependency */,
			);
			name = InstagramTests;
			productName = InstagramTests;
			productReference = C8D41C5A19B46D7300CCED68 /* InstagramTests.xctest */;
			productType = "com.apple.product-type.bundle.unit-test";
		};
/* End PBXNativeTarget section */

/* Begin PBXProject section */
		C8D41C4019B46D7300CCED68 /* Project object */ = {
			isa = PBXProject;
			attributes = {
				LastUpgradeCheck = 0600;
				ORGANIZATIONNAME = Appfish;
				TargetAttributes = {
					C8D41C4719B46D7300CCED68 = {
						CreatedOnToolsVersion = 6.0;
					};
					C8D41C5919B46D7300CCED68 = {
						CreatedOnToolsVersion = 6.0;
						TestTargetID = C8D41C4719B46D7300CCED68;
					};
				};
			};
			buildConfigurationList = C8D41C4319B46D7300CCED68 /* Build configuration list for PBXProject "Instagram" */;
			compatibilityVersion = "Xcode 3.2";
			developmentRegion = English;
			hasScannedForEncodings = 0;
			knownRegions = (
				en,
				Base,
			);
			mainGroup = C8D41C3F19B46D7300CCED68;
			productRefGroup = C8D41C4919B46D7300CCED68 /* Products */;
			projectDirPath = "";
			projectRoot = "";
			targets = (
				C8D41C4719B46D7300CCED68 /* Instagram */,
				C8D41C5919B46D7300CCED68 /* InstagramTests */,
			);
		};
/* End PBXProject section */

/* Begin PBXResourcesBuildPhase section */
		C8D41C4619B46D7300CCED68 /* Resources */ = {
			isa = PBXResourcesBuildPhase;
			buildActionMask = 2147483647;
			files = (
				C8D41C5319B46D7300CCED68 /* Main.storyboard in Resources */,
				C8D41C5519B46D7300CCED68 /* Images.xcassets in Resources */,
			);
			runOnlyForDeploymentPostprocessing = 0;
		};
		C8D41C5819B46D7300CCED68 /* Resources */ = {
			isa = PBXResourcesBuildPhase;
			buildActionMask = 2147483647;
			files = (
			);
			runOnlyForDeploymentPostprocessing = 0;
		};
/* End PBXResourcesBuildPhase section */

/* Begin PBXSourcesBuildPhase section */
		C8D41C4419B46D7300CCED68 /* Sources */ = {
			isa = PBXSourcesBuildPhase;
			buildActionMask = 2147483647;
			files = (
				C8D41C5019B46D7300CCED68 /* ViewController.swift in Sources */,
				C8D41C4E19B46D7300CCED68 /* AppDelegate.swift in Sources */,
			);
			runOnlyForDeploymentPostprocessing = 0;
		};
		C8D41C5619B46D7300CCED68 /* Sources */ = {
			isa = PBXSourcesBuildPhase;
			buildActionMask = 2147483647;
			files = (
				C8D41C6119B46D7400CCED68 /* InstagramTests.swift in Sources */,
			);
			runOnlyForDeploymentPostprocessing = 0;
		};
/* End PBXSourcesBuildPhase section */

/* Begin PBXTargetDependency section */
		C8D41C5C19B46D7300CCED68 /* PBXTargetDependency */ = {
			isa = PBXTargetDependency;
			target = C8D41C4719B46D7300CCED68 /* Instagram */;
			targetProxy = C8D41C5B19B46D7300CCED68 /* PBXContainerItemProxy */;
		};
/* End PBXTargetDependency section */

/* Begin PBXVariantGroup section */
		C8D41C5119B46D7300CCED68 /* Main.storyboard */ = {
			isa = PBXVariantGroup;
			children = (
				C8D41C5219B46D7300CCED68 /* Base */,
			);
			name = Main.storyboard;
			sourceTree = "<group>";
		};
/* End PBXVariantGroup section */

/* Begin XCBuildConfiguration section */
		C8D41C6219B46D7400CCED68 /* Debug */ = {
			isa = XCBuildConfiguration;
			buildSettings = {
				ALWAYS_SEARCH_USER_PATHS = NO;
				CLANG_CXX_LANGUAGE_STANDARD = "gnu++0x";
				CLANG_CXX_LIBRARY = "libc++";
				CLANG_ENABLE_MODULES = YES;
				CLANG_ENABLE_OBJC_ARC = YES;
				CLANG_WARN_BOOL_CONVERSION = YES;
				CLANG_WARN_CONSTANT_CONVERSION = YES;
				CLANG_WARN_DIRECT_OBJC_ISA_USAGE = YES_ERROR;
				CLANG_WARN_EMPTY_BODY = YES;
				CLANG_WARN_ENUM_CONVERSION = YES;
				CLANG_WARN_INT_CONVERSION = YES;
				CLANG_WARN_OBJC_ROOT_CLASS = YES_ERROR;
				CLANG_WARN_UNREACHABLE_CODE = YES;
				CLANG_WARN__DUPLICATE_METHOD_MATCH = YES;
				"CODE_SIGN_IDENTITY[sdk=iphoneos*]" = "iPhone Developer";
				COPY_PHASE_STRIP = NO;
				ENABLE_STRICT_OBJC_MSGSEND = YES;
				GCC_C_LANGUAGE_STANDARD = gnu99;
				GCC_DYNAMIC_NO_PIC = NO;
				GCC_OPTIMIZATION_LEVEL = 0;
				GCC_PREPROCESSOR_DEFINITIONS = (
					"DEBUG=1",
					"$(inherited)",
				);
				GCC_SYMBOLS_PRIVATE_EXTERN = NO;
				GCC_WARN_64_TO_32_BIT_CONVERSION = YES;
				GCC_WARN_ABOUT_RETURN_TYPE = YES_ERROR;
				GCC_WARN_UNDECLARED_SELECTOR = YES;
				GCC_WARN_UNINITIALIZED_AUTOS = YES_AGGRESSIVE;
				GCC_WARN_UNUSED_FUNCTION = YES;
				GCC_WARN_UNUSED_VARIABLE = YES;
				IPHONEOS_DEPLOYMENT_TARGET = 8.0;
				MTL_ENABLE_DEBUG_INFO = YES;
				ONLY_ACTIVE_ARCH = YES;
				SDKROOT = iphoneos;
				SWIFT_OPTIMIZATION_LEVEL = "-Onone";
			};
			name = Debug;
		};
		C8D41C6319B46D7400CCED68 /* Release */ = {
			isa = XCBuildConfiguration;
			buildSettings = {
				ALWAYS_SEARCH_USER_PATHS = NO;
				CLANG_CXX_LANGUAGE_STANDARD = "gnu++0x";
				CLANG_CXX_LIBRARY = "libc++";
				CLANG_ENABLE_MODULES = YES;
				CLANG_ENABLE_OBJC_ARC = YES;
				CLANG_WARN_BOOL_CONVERSION = YES;
				CLANG_WARN_CONSTANT_CONVERSION = YES;
				CLANG_WARN_DIRECT_OBJC_ISA_USAGE = YES_ERROR;
				CLANG_WARN_EMPTY_BODY = YES;
				CLANG_WARN_ENUM_CONVERSION = YES;
				CLANG_WARN_INT_CONVERSION = YES;
				CLANG_WARN_OBJC_ROOT_CLASS = YES_ERROR;
				CLANG_WARN_UNREACHABLE_CODE = YES;
				CLANG_WARN__DUPLICATE_METHOD_MATCH = YES;
				"CODE_SIGN_IDENTITY[sdk=iphoneos*]" = "iPhone Developer";
				COPY_PHASE_STRIP = YES;
				ENABLE_NS_ASSERTIONS = NO;
				ENABLE_STRICT_OBJC_MSGSEND = YES;
				GCC_C_LANGUAGE_STANDARD = gnu99;
				GCC_WARN_64_TO_32_BIT_CONVERSION = YES;
				GCC_WARN_ABOUT_RETURN_TYPE = YES_ERROR;
				GCC_WARN_UNDECLARED_SELECTOR = YES;
				GCC_WARN_UNINITIALIZED_AUTOS = YES_AGGRESSIVE;
				GCC_WARN_UNUSED_FUNCTION = YES;
				GCC_WARN_UNUSED_VARIABLE = YES;
				IPHONEOS_DEPLOYMENT_TARGET = 8.0;
				MTL_ENABLE_DEBUG_INFO = NO;
				SDKROOT = iphoneos;
				VALIDATE_PRODUCT = YES;
			};
			name = Release;
		};
		C8D41C6519B46D7400CCED68 /* Debug */ = {
			isa = XCBuildConfiguration;
			buildSettings = {
				ASSETCATALOG_COMPILER_APPICON_NAME = AppIcon;
				ASSETCATALOG_COMPILER_LAUNCHIMAGE_NAME = LaunchImage;
				CLANG_ENABLE_MODULES = YES;
				FRAMEWORK_SEARCH_PATHS = (
					"$(inherited)",
					"$(PROJECT_DIR)/Instagram",
				);
				INFOPLIST_FILE = Instagram/Info.plist;
				LD_RUNPATH_SEARCH_PATHS = "$(inherited) @executable_path/Frameworks";
				PRODUCT_NAME = "$(TARGET_NAME)";
				SWIFT_OBJC_BRIDGING_HEADER = "Instagram-Bridging-Header.h";
				SWIFT_OPTIMIZATION_LEVEL = "-Onone";
			};
			name = Debug;
		};
		C8D41C6619B46D7400CCED68 /* Release */ = {
			isa = XCBuildConfiguration;
			buildSettings = {
				ASSETCATALOG_COMPILER_APPICON_NAME = AppIcon;
				ASSETCATALOG_COMPILER_LAUNCHIMAGE_NAME = LaunchImage;
				CLANG_ENABLE_MODULES = YES;
				FRAMEWORK_SEARCH_PATHS = (
					"$(inherited)",
					"$(PROJECT_DIR)/Instagram",
				);
				INFOPLIST_FILE = Instagram/Info.plist;
				LD_RUNPATH_SEARCH_PATHS = "$(inherited) @executable_path/Frameworks";
				PRODUCT_NAME = "$(TARGET_NAME)";
				SWIFT_OBJC_BRIDGING_HEADER = "Instagram-Bridging-Header.h";
			};
			name = Release;
		};
		C8D41C6819B46D7400CCED68 /* Debug */ = {
			isa = XCBuildConfiguration;
			buildSettings = {
				BUNDLE_LOADER = "$(TEST_HOST)";
				FRAMEWORK_SEARCH_PATHS = (
					"$(SDKROOT)/Developer/Library/Frameworks",
					"$(inherited)",
				);
				GCC_PREPROCESSOR_DEFINITIONS = (
					"DEBUG=1",
					"$(inherited)",
				);
				INFOPLIST_FILE = InstagramTests/Info.plist;
				LD_RUNPATH_SEARCH_PATHS = "$(inherited) @executable_path/Frameworks @loader_path/Frameworks";
				PRODUCT_NAME = "$(TARGET_NAME)";
				TEST_HOST = "$(BUILT_PRODUCTS_DIR)/Instagram.app/Instagram";
			};
			name = Debug;
		};
		C8D41C6919B46D7400CCED68 /* Release */ = {
			isa = XCBuildConfiguration;
			buildSettings = {
				BUNDLE_LOADER = "$(TEST_HOST)";
				FRAMEWORK_SEARCH_PATHS = (
					"$(SDKROOT)/Developer/Library/Frameworks",
					"$(inherited)",
				);
				INFOPLIST_FILE = InstagramTests/Info.plist;
				LD_RUNPATH_SEARCH_PATHS = "$(inherited) @executable_path/Frameworks @loader_path/Frameworks";
				PRODUCT_NAME = "$(TARGET_NAME)";
				TEST_HOST = "$(BUILT_PRODUCTS_DIR)/Instagram.app/Instagram";
			};
			name = Release;
		};
/* End XCBuildConfiguration section */

/* Begin XCConfigurationList section */
		C8D41C4319B46D7300CCED68 /* Build configuration list for PBXProject "Instagram" */ = {
			isa = XCConfigurationList;
			buildConfigurations = (
				C8D41C6219B46D7400CCED68 /* Debug */,
				C8D41C6319B46D7400CCED68 /* Release */,
			);
			defaultConfigurationIsVisible = 0;
			defaultConfigurationName = Release;
		};
		C8D41C6419B46D7400CCED68 /* Build configuration list for PBXNativeTarget "Instagram" */ = {
			isa = XCConfigurationList;
			buildConfigurations = (
				C8D41C6519B46D7400CCED68 /* Debug */,
				C8D41C6619B46D7400CCED68 /* Release */,
			);
			defaultConfigurationIsVisible = 0;
			defaultConfigurationName = Release;
		};
		C8D41C6719B46D7400CCED68 /* Build configuration list for PBXNativeTarget "InstagramTests" */ = {
			isa = XCConfigurationList;
			buildConfigurations = (
				C8D41C6819B46D7400CCED68 /* Debug */,
				C8D41C6919B46D7400CCED68 /* Release */,
			);
			defaultConfigurationIsVisible = 0;
			defaultConfigurationName = Release;
		};
/* End XCConfigurationList section */
	};
	rootObject = C8D41C4019B46D7300CCED68 /* Project object */;
}
