// !$*UTF8*$!
{
	archiveVersion = 1;
	classes = {
	};
	objectVersion = 46;
	objects = {

/* Begin PBXBuildFile section */
		93700EBB1AC0AFAC004AB55C /* AppDelegate.swift in Sources */ = {isa = PBXBuildFile; fileRef = 93700EBA1AC0AFAC004AB55C /* AppDelegate.swift */; };
		93700EBD1AC0AFAC004AB55C /* ViewController.swift in Sources */ = {isa = PBXBuildFile; fileRef = 93700EBC1AC0AFAC004AB55C /* ViewController.swift */; };
		93700EC01AC0AFAC004AB55C /* Main.storyboard in Resources */ = {isa = PBXBuildFile; fileRef = 93700EBE1AC0AFAC004AB55C /* Main.storyboard */; };
		93700EC21AC0AFAC004AB55C /* Images.xcassets in Resources */ = {isa = PBXBuildFile; fileRef = 93700EC11AC0AFAC004AB55C /* Images.xcassets */; };
		93700EC51AC0AFAC004AB55C /* LaunchScreen.xib in Resources */ = {isa = PBXBuildFile; fileRef = 93700EC31AC0AFAC004AB55C /* LaunchScreen.xib */; };
		93700ED11AC0AFAD004AB55C /* InstagramTests.swift in Sources */ = {isa = PBXBuildFile; fileRef = 93700ED01AC0AFAD004AB55C /* InstagramTests.swift */; };
		93700EDC1AC0B069004AB55C /* Bolts.framework in Frameworks */ = {isa = PBXBuildFile; fileRef = 93700EDA1AC0B069004AB55C /* Bolts.framework */; };
		93700EDD1AC0B069004AB55C /* Parse.framework in Frameworks */ = {isa = PBXBuildFile; fileRef = 93700EDB1AC0B069004AB55C /* Parse.framework */; };
		93700EDF1AC0B0C3004AB55C /* AudioToolbox.framework in Frameworks */ = {isa = PBXBuildFile; fileRef = 93700EDE1AC0B0C3004AB55C /* AudioToolbox.framework */; };
		93700EE11AC0B0C9004AB55C /* CFNetwork.framework in Frameworks */ = {isa = PBXBuildFile; fileRef = 93700EE01AC0B0C9004AB55C /* CFNetwork.framework */; };
		93700EE31AC0B0D8004AB55C /* CoreGraphics.framework in Frameworks */ = {isa = PBXBuildFile; fileRef = 93700EE21AC0B0D8004AB55C /* CoreGraphics.framework */; };
		93700EE51AC0B0E0004AB55C /* CoreLocation.framework in Frameworks */ = {isa = PBXBuildFile; fileRef = 93700EE41AC0B0E0004AB55C /* CoreLocation.framework */; };
		93700EE71AC0B0F2004AB55C /* libz.dylib in Frameworks */ = {isa = PBXBuildFile; fileRef = 93700EE61AC0B0F2004AB55C /* libz.dylib */; };
		93700EE91AC0B12E004AB55C /* MobileCoreServices.framework in Frameworks */ = {isa = PBXBuildFile; fileRef = 93700EE81AC0B12E004AB55C /* MobileCoreServices.framework */; };
		93700EEB1AC0B136004AB55C /* QuartzCore.framework in Frameworks */ = {isa = PBXBuildFile; fileRef = 93700EEA1AC0B136004AB55C /* QuartzCore.framework */; };
		93700EED1AC0B13E004AB55C /* Security.framework in Frameworks */ = {isa = PBXBuildFile; fileRef = 93700EEC1AC0B13E004AB55C /* Security.framework */; };
		93700EEF1AC0B144004AB55C /* StoreKit.framework in Frameworks */ = {isa = PBXBuildFile; fileRef = 93700EEE1AC0B144004AB55C /* StoreKit.framework */; };
		93700EF11AC0B14C004AB55C /* SystemConfiguration.framework in Frameworks */ = {isa = PBXBuildFile; fileRef = 93700EF01AC0B14B004AB55C /* SystemConfiguration.framework */; };
		93700EF61AC0B4F3004AB55C /* libsqlite3.dylib in Frameworks */ = {isa = PBXBuildFile; fileRef = 93700EF51AC0B4F3004AB55C /* libsqlite3.dylib */; };
/* End PBXBuildFile section */

/* Begin PBXContainerItemProxy section */
		93700ECB1AC0AFAD004AB55C /* PBXContainerItemProxy */ = {
			isa = PBXContainerItemProxy;
			containerPortal = 93700EAD1AC0AFAC004AB55C /* Project object */;
			proxyType = 1;
			remoteGlobalIDString = 93700EB41AC0AFAC004AB55C;
			remoteInfo = Instagram;
		};
/* End PBXContainerItemProxy section */

/* Begin PBXFileReference section */
		93700EB51AC0AFAC004AB55C /* Instagram.app */ = {isa = PBXFileReference; explicitFileType = wrapper.application; includeInIndex = 0; path = Instagram.app; sourceTree = BUILT_PRODUCTS_DIR; };
		93700EB91AC0AFAC004AB55C /* Info.plist */ = {isa = PBXFileReference; lastKnownFileType = text.plist.xml; path = Info.plist; sourceTree = "<group>"; };
		93700EBA1AC0AFAC004AB55C /* AppDelegate.swift */ = {isa = PBXFileReference; lastKnownFileType = sourcecode.swift; path = AppDelegate.swift; sourceTree = "<group>"; };
		93700EBC1AC0AFAC004AB55C /* ViewController.swift */ = {isa = PBXFileReference; lastKnownFileType = sourcecode.swift; path = ViewController.swift; sourceTree = "<group>"; };
		93700EBF1AC0AFAC004AB55C /* Base */ = {isa = PBXFileReference; lastKnownFileType = file.storyboard; name = Base; path = Base.lproj/Main.storyboard; sourceTree = "<group>"; };
		93700EC11AC0AFAC004AB55C /* Images.xcassets */ = {isa = PBXFileReference; lastKnownFileType = folder.assetcatalog; path = Images.xcassets; sourceTree = "<group>"; };
		93700EC41AC0AFAC004AB55C /* Base */ = {isa = PBXFileReference; lastKnownFileType = file.xib; name = Base; path = Base.lproj/LaunchScreen.xib; sourceTree = "<group>"; };
		93700ECA1AC0AFAD004AB55C /* InstagramTests.xctest */ = {isa = PBXFileReference; explicitFileType = wrapper.cfbundle; includeInIndex = 0; path = InstagramTests.xctest; sourceTree = BUILT_PRODUCTS_DIR; };
		93700ECF1AC0AFAD004AB55C /* Info.plist */ = {isa = PBXFileReference; lastKnownFileType = text.plist.xml; path = Info.plist; sourceTree = "<group>"; };
		93700ED01AC0AFAD004AB55C /* InstagramTests.swift */ = {isa = PBXFileReference; lastKnownFileType = sourcecode.swift; path = InstagramTests.swift; sourceTree = "<group>"; };
		93700EDA1AC0B069004AB55C /* Bolts.framework */ = {isa = PBXFileReference; lastKnownFileType = wrapper.framework; path = Bolts.framework; sourceTree = "<group>"; };
		93700EDB1AC0B069004AB55C /* Parse.framework */ = {isa = PBXFileReference; lastKnownFileType = wrapper.framework; path = Parse.framework; sourceTree = "<group>"; };
		93700EDE1AC0B0C3004AB55C /* AudioToolbox.framework */ = {isa = PBXFileReference; lastKnownFileType = wrapper.framework; name = AudioToolbox.framework; path = System/Library/Frameworks/AudioToolbox.framework; sourceTree = SDKROOT; };
		93700EE01AC0B0C9004AB55C /* CFNetwork.framework */ = {isa = PBXFileReference; lastKnownFileType = wrapper.framework; name = CFNetwork.framework; path = System/Library/Frameworks/CFNetwork.framework; sourceTree = SDKROOT; };
		93700EE21AC0B0D8004AB55C /* CoreGraphics.framework */ = {isa = PBXFileReference; lastKnownFileType = wrapper.framework; name = CoreGraphics.framework; path = System/Library/Frameworks/CoreGraphics.framework; sourceTree = SDKROOT; };
		93700EE41AC0B0E0004AB55C /* CoreLocation.framework */ = {isa = PBXFileReference; lastKnownFileType = wrapper.framework; name = CoreLocation.framework; path = System/Library/Frameworks/CoreLocation.framework; sourceTree = SDKROOT; };
		93700EE61AC0B0F2004AB55C /* libz.dylib */ = {isa = PBXFileReference; lastKnownFileType = "compiled.mach-o.dylib"; name = libz.dylib; path = usr/lib/libz.dylib; sourceTree = SDKROOT; };
		93700EE81AC0B12E004AB55C /* MobileCoreServices.framework */ = {isa = PBXFileReference; lastKnownFileType = wrapper.framework; name = MobileCoreServices.framework; path = System/Library/Frameworks/MobileCoreServices.framework; sourceTree = SDKROOT; };
		93700EEA1AC0B136004AB55C /* QuartzCore.framework */ = {isa = PBXFileReference; lastKnownFileType = wrapper.framework; name = QuartzCore.framework; path = System/Library/Frameworks/QuartzCore.framework; sourceTree = SDKROOT; };
		93700EEC1AC0B13E004AB55C /* Security.framework */ = {isa = PBXFileReference; lastKnownFileType = wrapper.framework; name = Security.framework; path = System/Library/Frameworks/Security.framework; sourceTree = SDKROOT; };
		93700EEE1AC0B144004AB55C /* StoreKit.framework */ = {isa = PBXFileReference; lastKnownFileType = wrapper.framework; name = StoreKit.framework; path = System/Library/Frameworks/StoreKit.framework; sourceTree = SDKROOT; };
		93700EF01AC0B14B004AB55C /* SystemConfiguration.framework */ = {isa = PBXFileReference; lastKnownFileType = wrapper.framework; name = SystemConfiguration.framework; path = System/Library/Frameworks/SystemConfiguration.framework; sourceTree = SDKROOT; };
		93700EF21AC0B18E004AB55C /* Instagram-Bridging-Header.h */ = {isa = PBXFileReference; lastKnownFileType = sourcecode.c.h; path = "Instagram-Bridging-Header.h"; sourceTree = "<group>"; };
		93700EF51AC0B4F3004AB55C /* libsqlite3.dylib */ = {isa = PBXFileReference; lastKnownFileType = "compiled.mach-o.dylib"; name = libsqlite3.dylib; path = usr/lib/libsqlite3.dylib; sourceTree = SDKROOT; };
/* End PBXFileReference section */

/* Begin PBXFrameworksBuildPhase section */
		93700EB21AC0AFAC004AB55C /* Frameworks */ = {
			isa = PBXFrameworksBuildPhase;
			buildActionMask = 2147483647;
			files = (
				93700EF61AC0B4F3004AB55C /* libsqlite3.dylib in Frameworks */,
				93700EF11AC0B14C004AB55C /* SystemConfiguration.framework in Frameworks */,
				93700EEF1AC0B144004AB55C /* StoreKit.framework in Frameworks */,
				93700EED1AC0B13E004AB55C /* Security.framework in Frameworks */,
				93700EEB1AC0B136004AB55C /* QuartzCore.framework in Frameworks */,
				93700EE91AC0B12E004AB55C /* MobileCoreServices.framework in Frameworks */,
				93700EE71AC0B0F2004AB55C /* libz.dylib in Frameworks */,
				93700EE51AC0B0E0004AB55C /* CoreLocation.framework in Frameworks */,
				93700EE31AC0B0D8004AB55C /* CoreGraphics.framework in Frameworks */,
				93700EE11AC0B0C9004AB55C /* CFNetwork.framework in Frameworks */,
				93700EDF1AC0B0C3004AB55C /* AudioToolbox.framework in Frameworks */,
				93700EDD1AC0B069004AB55C /* Parse.framework in Frameworks */,
				93700EDC1AC0B069004AB55C /* Bolts.framework in Frameworks */,
			);
			runOnlyForDeploymentPostprocessing = 0;
		};
		93700EC71AC0AFAD004AB55C /* Frameworks */ = {
			isa = PBXFrameworksBuildPhase;
			buildActionMask = 2147483647;
			files = (
			);
			runOnlyForDeploymentPostprocessing = 0;
		};
/* End PBXFrameworksBuildPhase section */

/* Begin PBXGroup section */
		93700EAC1AC0AFAC004AB55C = {
			isa = PBXGroup;
			children = (
				93700EF51AC0B4F3004AB55C /* libsqlite3.dylib */,
				93700EF01AC0B14B004AB55C /* SystemConfiguration.framework */,
				93700EEE1AC0B144004AB55C /* StoreKit.framework */,
				93700EEC1AC0B13E004AB55C /* Security.framework */,
				93700EEA1AC0B136004AB55C /* QuartzCore.framework */,
				93700EE81AC0B12E004AB55C /* MobileCoreServices.framework */,
				93700EE61AC0B0F2004AB55C /* libz.dylib */,
				93700EE41AC0B0E0004AB55C /* CoreLocation.framework */,
				93700EE21AC0B0D8004AB55C /* CoreGraphics.framework */,
				93700EE01AC0B0C9004AB55C /* CFNetwork.framework */,
				93700EDE1AC0B0C3004AB55C /* AudioToolbox.framework */,
				93700EB71AC0AFAC004AB55C /* Instagram */,
				93700ECD1AC0AFAD004AB55C /* InstagramTests */,
				93700EB61AC0AFAC004AB55C /* Products */,
				93700EF21AC0B18E004AB55C /* Instagram-Bridging-Header.h */,
			);
			sourceTree = "<group>";
		};
		93700EB61AC0AFAC004AB55C /* Products */ = {
			isa = PBXGroup;
			children = (
				93700EB51AC0AFAC004AB55C /* Instagram.app */,
				93700ECA1AC0AFAD004AB55C /* InstagramTests.xctest */,
			);
			name = Products;
			sourceTree = "<group>";
		};
		93700EB71AC0AFAC004AB55C /* Instagram */ = {
			isa = PBXGroup;
			children = (
				93700EDA1AC0B069004AB55C /* Bolts.framework */,
				93700EDB1AC0B069004AB55C /* Parse.framework */,
				93700EBA1AC0AFAC004AB55C /* AppDelegate.swift */,
				93700EBC1AC0AFAC004AB55C /* ViewController.swift */,
				93700EBE1AC0AFAC004AB55C /* Main.storyboard */,
				93700EC11AC0AFAC004AB55C /* Images.xcassets */,
				93700EC31AC0AFAC004AB55C /* LaunchScreen.xib */,
				93700EB81AC0AFAC004AB55C /* Supporting Files */,
			);
			path = Instagram;
			sourceTree = "<group>";
		};
		93700EB81AC0AFAC004AB55C /* Supporting Files */ = {
			isa = PBXGroup;
			children = (
				93700EB91AC0AFAC004AB55C /* Info.plist */,
			);
			name = "Supporting Files";
			sourceTree = "<group>";
		};
		93700ECD1AC0AFAD004AB55C /* InstagramTests */ = {
			isa = PBXGroup;
			children = (
				93700ED01AC0AFAD004AB55C /* InstagramTests.swift */,
				93700ECE1AC0AFAD004AB55C /* Supporting Files */,
			);
			path = InstagramTests;
			sourceTree = "<group>";
		};
		93700ECE1AC0AFAD004AB55C /* Supporting Files */ = {
			isa = PBXGroup;
			children = (
				93700ECF1AC0AFAD004AB55C /* Info.plist */,
			);
			name = "Supporting Files";
			sourceTree = "<group>";
		};
/* End PBXGroup section */

/* Begin PBXNativeTarget section */
		93700EB41AC0AFAC004AB55C /* Instagram */ = {
			isa = PBXNativeTarget;
			buildConfigurationList = 93700ED41AC0AFAD004AB55C /* Build configuration list for PBXNativeTarget "Instagram" */;
			buildPhases = (
				93700EB11AC0AFAC004AB55C /* Sources */,
				93700EB21AC0AFAC004AB55C /* Frameworks */,
				93700EB31AC0AFAC004AB55C /* Resources */,
			);
			buildRules = (
			);
			dependencies = (
			);
			name = Instagram;
			productName = Instagram;
			productReference = 93700EB51AC0AFAC004AB55C /* Instagram.app */;
			productType = "com.apple.product-type.application";
		};
		93700EC91AC0AFAD004AB55C /* InstagramTests */ = {
			isa = PBXNativeTarget;
			buildConfigurationList = 93700ED71AC0AFAD004AB55C /* Build configuration list for PBXNativeTarget "InstagramTests" */;
			buildPhases = (
				93700EC61AC0AFAD004AB55C /* Sources */,
				93700EC71AC0AFAD004AB55C /* Frameworks */,
				93700EC81AC0AFAD004AB55C /* Resources */,
			);
			buildRules = (
			);
			dependencies = (
				93700ECC1AC0AFAD004AB55C /* PBXTargetDependency */,
			);
			name = InstagramTests;
			productName = InstagramTests;
			productReference = 93700ECA1AC0AFAD004AB55C /* InstagramTests.xctest */;
			productType = "com.apple.product-type.bundle.unit-test";
		};
/* End PBXNativeTarget section */

/* Begin PBXProject section */
		93700EAD1AC0AFAC004AB55C /* Project object */ = {
			isa = PBXProject;
			attributes = {
				LastUpgradeCheck = 0620;
				ORGANIZATIONNAME = "David Leonard";
				TargetAttributes = {
					93700EB41AC0AFAC004AB55C = {
						CreatedOnToolsVersion = 6.2;
					};
					93700EC91AC0AFAD004AB55C = {
						CreatedOnToolsVersion = 6.2;
						TestTargetID = 93700EB41AC0AFAC004AB55C;
					};
				};
			};
			buildConfigurationList = 93700EB01AC0AFAC004AB55C /* Build configuration list for PBXProject "Instagram" */;
			compatibilityVersion = "Xcode 3.2";
			developmentRegion = English;
			hasScannedForEncodings = 0;
			knownRegions = (
				en,
				Base,
			);
			mainGroup = 93700EAC1AC0AFAC004AB55C;
			productRefGroup = 93700EB61AC0AFAC004AB55C /* Products */;
			projectDirPath = "";
			projectRoot = "";
			targets = (
				93700EB41AC0AFAC004AB55C /* Instagram */,
				93700EC91AC0AFAD004AB55C /* InstagramTests */,
			);
		};
/* End PBXProject section */

/* Begin PBXResourcesBuildPhase section */
		93700EB31AC0AFAC004AB55C /* Resources */ = {
			isa = PBXResourcesBuildPhase;
			buildActionMask = 2147483647;
			files = (
				93700EC01AC0AFAC004AB55C /* Main.storyboard in Resources */,
				93700EC51AC0AFAC004AB55C /* LaunchScreen.xib in Resources */,
				93700EC21AC0AFAC004AB55C /* Images.xcassets in Resources */,
			);
			runOnlyForDeploymentPostprocessing = 0;
		};
		93700EC81AC0AFAD004AB55C /* Resources */ = {
			isa = PBXResourcesBuildPhase;
			buildActionMask = 2147483647;
			files = (
			);
			runOnlyForDeploymentPostprocessing = 0;
		};
/* End PBXResourcesBuildPhase section */

/* Begin PBXSourcesBuildPhase section */
		93700EB11AC0AFAC004AB55C /* Sources */ = {
			isa = PBXSourcesBuildPhase;
			buildActionMask = 2147483647;
			files = (
				93700EBD1AC0AFAC004AB55C /* ViewController.swift in Sources */,
				93700EBB1AC0AFAC004AB55C /* AppDelegate.swift in Sources */,
			);
			runOnlyForDeploymentPostprocessing = 0;
		};
		93700EC61AC0AFAD004AB55C /* Sources */ = {
			isa = PBXSourcesBuildPhase;
			buildActionMask = 2147483647;
			files = (
				93700ED11AC0AFAD004AB55C /* InstagramTests.swift in Sources */,
			);
			runOnlyForDeploymentPostprocessing = 0;
		};
/* End PBXSourcesBuildPhase section */

/* Begin PBXTargetDependency section */
		93700ECC1AC0AFAD004AB55C /* PBXTargetDependency */ = {
			isa = PBXTargetDependency;
			target = 93700EB41AC0AFAC004AB55C /* Instagram */;
			targetProxy = 93700ECB1AC0AFAD004AB55C /* PBXContainerItemProxy */;
		};
/* End PBXTargetDependency section */

/* Begin PBXVariantGroup section */
		93700EBE1AC0AFAC004AB55C /* Main.storyboard */ = {
			isa = PBXVariantGroup;
			children = (
				93700EBF1AC0AFAC004AB55C /* Base */,
			);
			name = Main.storyboard;
			sourceTree = "<group>";
		};
		93700EC31AC0AFAC004AB55C /* LaunchScreen.xib */ = {
			isa = PBXVariantGroup;
			children = (
				93700EC41AC0AFAC004AB55C /* Base */,
			);
			name = LaunchScreen.xib;
			sourceTree = "<group>";
		};
/* End PBXVariantGroup section */

/* Begin XCBuildConfiguration section */
		93700ED21AC0AFAD004AB55C /* Debug */ = {
			isa = XCBuildConfiguration;
			buildSettings = {
				ALWAYS_SEARCH_USER_PATHS = NO;
				CLANG_CXX_LANGUAGE_STANDARD = "gnu++0x";
				CLANG_CXX_LIBRARY = "libc++";
				CLANG_ENABLE_MODULES = YES;
				CLANG_ENABLE_OBJC_ARC = YES;
				CLANG_WARN_BOOL_CONVERSION = YES;
				CLANG_WARN_CONSTANT_CONVERSION = YES;
				CLANG_WARN_DIRECT_OBJC_ISA_USAGE = YES_ERROR;
				CLANG_WARN_EMPTY_BODY = YES;
				CLANG_WARN_ENUM_CONVERSION = YES;
				CLANG_WARN_INT_CONVERSION = YES;
				CLANG_WARN_OBJC_ROOT_CLASS = YES_ERROR;
				CLANG_WARN_UNREACHABLE_CODE = YES;
				CLANG_WARN__DUPLICATE_METHOD_MATCH = YES;
				"CODE_SIGN_IDENTITY[sdk=iphoneos*]" = "iPhone Developer";
				COPY_PHASE_STRIP = NO;
				ENABLE_STRICT_OBJC_MSGSEND = YES;
				GCC_C_LANGUAGE_STANDARD = gnu99;
				GCC_DYNAMIC_NO_PIC = NO;
				GCC_OPTIMIZATION_LEVEL = 0;
				GCC_PREPROCESSOR_DEFINITIONS = (
					"DEBUG=1",
					"$(inherited)",
				);
				GCC_SYMBOLS_PRIVATE_EXTERN = NO;
				GCC_WARN_64_TO_32_BIT_CONVERSION = YES;
				GCC_WARN_ABOUT_RETURN_TYPE = YES_ERROR;
				GCC_WARN_UNDECLARED_SELECTOR = YES;
				GCC_WARN_UNINITIALIZED_AUTOS = YES_AGGRESSIVE;
				GCC_WARN_UNUSED_FUNCTION = YES;
				GCC_WARN_UNUSED_VARIABLE = YES;
				IPHONEOS_DEPLOYMENT_TARGET = 8.2;
				MTL_ENABLE_DEBUG_INFO = YES;
				ONLY_ACTIVE_ARCH = YES;
				SDKROOT = iphoneos;
				SWIFT_OPTIMIZATION_LEVEL = "-Onone";
			};
			name = Debug;
		};
		93700ED31AC0AFAD004AB55C /* Release */ = {
			isa = XCBuildConfiguration;
			buildSettings = {
				ALWAYS_SEARCH_USER_PATHS = NO;
				CLANG_CXX_LANGUAGE_STANDARD = "gnu++0x";
				CLANG_CXX_LIBRARY = "libc++";
				CLANG_ENABLE_MODULES = YES;
				CLANG_ENABLE_OBJC_ARC = YES;
				CLANG_WARN_BOOL_CONVERSION = YES;
				CLANG_WARN_CONSTANT_CONVERSION = YES;
				CLANG_WARN_DIRECT_OBJC_ISA_USAGE = YES_ERROR;
				CLANG_WARN_EMPTY_BODY = YES;
				CLANG_WARN_ENUM_CONVERSION = YES;
				CLANG_WARN_INT_CONVERSION = YES;
				CLANG_WARN_OBJC_ROOT_CLASS = YES_ERROR;
				CLANG_WARN_UNREACHABLE_CODE = YES;
				CLANG_WARN__DUPLICATE_METHOD_MATCH = YES;
				"CODE_SIGN_IDENTITY[sdk=iphoneos*]" = "iPhone Developer";
				COPY_PHASE_STRIP = NO;
				ENABLE_NS_ASSERTIONS = NO;
				ENABLE_STRICT_OBJC_MSGSEND = YES;
				GCC_C_LANGUAGE_STANDARD = gnu99;
				GCC_WARN_64_TO_32_BIT_CONVERSION = YES;
				GCC_WARN_ABOUT_RETURN_TYPE = YES_ERROR;
				GCC_WARN_UNDECLARED_SELECTOR = YES;
				GCC_WARN_UNINITIALIZED_AUTOS = YES_AGGRESSIVE;
				GCC_WARN_UNUSED_FUNCTION = YES;
				GCC_WARN_UNUSED_VARIABLE = YES;
				IPHONEOS_DEPLOYMENT_TARGET = 8.2;
				MTL_ENABLE_DEBUG_INFO = NO;
				SDKROOT = iphoneos;
				VALIDATE_PRODUCT = YES;
			};
			name = Release;
		};
		93700ED51AC0AFAD004AB55C /* Debug */ = {
			isa = XCBuildConfiguration;
			buildSettings = {
				ASSETCATALOG_COMPILER_APPICON_NAME = AppIcon;
				CLANG_ENABLE_MODULES = YES;
				FRAMEWORK_SEARCH_PATHS = (
					"$(inherited)",
					"$(PROJECT_DIR)/Instagram",
				);
				INFOPLIST_FILE = Instagram/Info.plist;
				LD_RUNPATH_SEARCH_PATHS = "$(inherited) @executable_path/Frameworks";
				PRODUCT_NAME = "$(TARGET_NAME)";
				SWIFT_OBJC_BRIDGING_HEADER = "Instagram-Bridging-Header.h";
				SWIFT_OPTIMIZATION_LEVEL = "-Onone";
			};
			name = Debug;
		};
		93700ED61AC0AFAD004AB55C /* Release */ = {
			isa = XCBuildConfiguration;
			buildSettings = {
				ASSETCATALOG_COMPILER_APPICON_NAME = AppIcon;
				CLANG_ENABLE_MODULES = YES;
				FRAMEWORK_SEARCH_PATHS = (
					"$(inherited)",
					"$(PROJECT_DIR)/Instagram",
				);
				INFOPLIST_FILE = Instagram/Info.plist;
				LD_RUNPATH_SEARCH_PATHS = "$(inherited) @executable_path/Frameworks";
				PRODUCT_NAME = "$(TARGET_NAME)";
				SWIFT_OBJC_BRIDGING_HEADER = "Instagram-Bridging-Header.h";
			};
			name = Release;
		};
		93700ED81AC0AFAD004AB55C /* Debug */ = {
			isa = XCBuildConfiguration;
			buildSettings = {
				BUNDLE_LOADER = "$(TEST_HOST)";
				FRAMEWORK_SEARCH_PATHS = (
					"$(SDKROOT)/Developer/Library/Frameworks",
					"$(inherited)",
				);
				GCC_PREPROCESSOR_DEFINITIONS = (
					"DEBUG=1",
					"$(inherited)",
				);
				INFOPLIST_FILE = InstagramTests/Info.plist;
				LD_RUNPATH_SEARCH_PATHS = "$(inherited) @executable_path/Frameworks @loader_path/Frameworks";
				PRODUCT_NAME = "$(TARGET_NAME)";
				TEST_HOST = "$(BUILT_PRODUCTS_DIR)/Instagram.app/Instagram";
			};
			name = Debug;
		};
		93700ED91AC0AFAD004AB55C /* Release */ = {
			isa = XCBuildConfiguration;
			buildSettings = {
				BUNDLE_LOADER = "$(TEST_HOST)";
				FRAMEWORK_SEARCH_PATHS = (
					"$(SDKROOT)/Developer/Library/Frameworks",
					"$(inherited)",
				);
				INFOPLIST_FILE = InstagramTests/Info.plist;
				LD_RUNPATH_SEARCH_PATHS = "$(inherited) @executable_path/Frameworks @loader_path/Frameworks";
				PRODUCT_NAME = "$(TARGET_NAME)";
				TEST_HOST = "$(BUILT_PRODUCTS_DIR)/Instagram.app/Instagram";
			};
			name = Release;
		};
/* End XCBuildConfiguration section */

/* Begin XCConfigurationList section */
		93700EB01AC0AFAC004AB55C /* Build configuration list for PBXProject "Instagram" */ = {
			isa = XCConfigurationList;
			buildConfigurations = (
				93700ED21AC0AFAD004AB55C /* Debug */,
				93700ED31AC0AFAD004AB55C /* Release */,
			);
			defaultConfigurationIsVisible = 0;
			defaultConfigurationName = Release;
		};
		93700ED41AC0AFAD004AB55C /* Build configuration list for PBXNativeTarget "Instagram" */ = {
			isa = XCConfigurationList;
			buildConfigurations = (
				93700ED51AC0AFAD004AB55C /* Debug */,
				93700ED61AC0AFAD004AB55C /* Release */,
			);
			defaultConfigurationIsVisible = 0;
		};
		93700ED71AC0AFAD004AB55C /* Build configuration list for PBXNativeTarget "InstagramTests" */ = {
			isa = XCConfigurationList;
			buildConfigurations = (
				93700ED81AC0AFAD004AB55C /* Debug */,
				93700ED91AC0AFAD004AB55C /* Release */,
			);
			defaultConfigurationIsVisible = 0;
		};
/* End XCConfigurationList section */
	};
	rootObject = 93700EAD1AC0AFAC004AB55C /* Project object */;
}
