// !$*UTF8*$!
{
	archiveVersion = 1;
	classes = {
	};
	objectVersion = 46;
	objects = {

/* Begin PBXBuildFile section */
		9372A3391ABE321B004D797D /* AppDelegate.swift in Sources */ = {isa = PBXBuildFile; fileRef = 9372A3381ABE321B004D797D /* AppDelegate.swift */; };
		9372A33B1ABE321B004D797D /* ViewController.swift in Sources */ = {isa = PBXBuildFile; fileRef = 9372A33A1ABE321B004D797D /* ViewController.swift */; };
		9372A33E1ABE321B004D797D /* Main.storyboard in Resources */ = {isa = PBXBuildFile; fileRef = 9372A33C1ABE321B004D797D /* Main.storyboard */; };
		9372A3401ABE321B004D797D /* Images.xcassets in Resources */ = {isa = PBXBuildFile; fileRef = 9372A33F1ABE321B004D797D /* Images.xcassets */; };
		9372A3431ABE321B004D797D /* LaunchScreen.xib in Resources */ = {isa = PBXBuildFile; fileRef = 9372A3411ABE321B004D797D /* LaunchScreen.xib */; };
		9372A34F1ABE321B004D797D /* Memorable_PlacesTests.swift in Sources */ = {isa = PBXBuildFile; fileRef = 9372A34E1ABE321B004D797D /* Memorable_PlacesTests.swift */; };
		9372A3591ABE3487004D797D /* TableViewController.swift in Sources */ = {isa = PBXBuildFile; fileRef = 9372A3581ABE3487004D797D /* TableViewController.swift */; };
		9372A35B1ABE36F2004D797D /* CoreLocation.framework in Frameworks */ = {isa = PBXBuildFile; fileRef = 9372A35A1ABE36F2004D797D /* CoreLocation.framework */; };
/* End PBXBuildFile section */

/* Begin PBXContainerItemProxy section */
		9372A3491ABE321B004D797D /* PBXContainerItemProxy */ = {
			isa = PBXContainerItemProxy;
			containerPortal = 9372A32B1ABE321B004D797D /* Project object */;
			proxyType = 1;
			remoteGlobalIDString = 9372A3321ABE321B004D797D;
			remoteInfo = "Memorable Places";
		};
/* End PBXContainerItemProxy section */

/* Begin PBXFileReference section */
		9372A3331ABE321B004D797D /* Memorable Places.app */ = {isa = PBXFileReference; explicitFileType = wrapper.application; includeInIndex = 0; path = "Memorable Places.app"; sourceTree = BUILT_PRODUCTS_DIR; };
		9372A3371ABE321B004D797D /* Info.plist */ = {isa = PBXFileReference; lastKnownFileType = text.plist.xml; path = Info.plist; sourceTree = "<group>"; };
		9372A3381ABE321B004D797D /* AppDelegate.swift */ = {isa = PBXFileReference; lastKnownFileType = sourcecode.swift; path = AppDelegate.swift; sourceTree = "<group>"; };
		9372A33A1ABE321B004D797D /* ViewController.swift */ = {isa = PBXFileReference; lastKnownFileType = sourcecode.swift; path = ViewController.swift; sourceTree = "<group>"; };
		9372A33D1ABE321B004D797D /* Base */ = {isa = PBXFileReference; lastKnownFileType = file.storyboard; name = Base; path = Base.lproj/Main.storyboard; sourceTree = "<group>"; };
		9372A33F1ABE321B004D797D /* Images.xcassets */ = {isa = PBXFileReference; lastKnownFileType = folder.assetcatalog; path = Images.xcassets; sourceTree = "<group>"; };
		9372A3421ABE321B004D797D /* Base */ = {isa = PBXFileReference; lastKnownFileType = file.xib; name = Base; path = Base.lproj/LaunchScreen.xib; sourceTree = "<group>"; };
		9372A3481ABE321B004D797D /* Memorable PlacesTests.xctest */ = {isa = PBXFileReference; explicitFileType = wrapper.cfbundle; includeInIndex = 0; path = "Memorable PlacesTests.xctest"; sourceTree = BUILT_PRODUCTS_DIR; };
		9372A34D1ABE321B004D797D /* Info.plist */ = {isa = PBXFileReference; lastKnownFileType = text.plist.xml; path = Info.plist; sourceTree = "<group>"; };
		9372A34E1ABE321B004D797D /* Memorable_PlacesTests.swift */ = {isa = PBXFileReference; lastKnownFileType = sourcecode.swift; path = Memorable_PlacesTests.swift; sourceTree = "<group>"; };
		9372A3581ABE3487004D797D /* TableViewController.swift */ = {isa = PBXFileReference; fileEncoding = 4; lastKnownFileType = sourcecode.swift; path = TableViewController.swift; sourceTree = "<group>"; };
		9372A35A1ABE36F2004D797D /* CoreLocation.framework */ = {isa = PBXFileReference; lastKnownFileType = wrapper.framework; name = CoreLocation.framework; path = System/Library/Frameworks/CoreLocation.framework; sourceTree = SDKROOT; };
/* End PBXFileReference section */

/* Begin PBXFrameworksBuildPhase section */
		9372A3301ABE321B004D797D /* Frameworks */ = {
			isa = PBXFrameworksBuildPhase;
			buildActionMask = 2147483647;
			files = (
				9372A35B1ABE36F2004D797D /* CoreLocation.framework in Frameworks */,
			);
			runOnlyForDeploymentPostprocessing = 0;
		};
		9372A3451ABE321B004D797D /* Frameworks */ = {
			isa = PBXFrameworksBuildPhase;
			buildActionMask = 2147483647;
			files = (
			);
			runOnlyForDeploymentPostprocessing = 0;
		};
/* End PBXFrameworksBuildPhase section */

/* Begin PBXGroup section */
		9372A32A1ABE321B004D797D = {
			isa = PBXGroup;
			children = (
				9372A35A1ABE36F2004D797D /* CoreLocation.framework */,
				9372A3351ABE321B004D797D /* Memorable Places */,
				9372A34B1ABE321B004D797D /* Memorable PlacesTests */,
				9372A3341ABE321B004D797D /* Products */,
			);
			sourceTree = "<group>";
		};
		9372A3341ABE321B004D797D /* Products */ = {
			isa = PBXGroup;
			children = (
				9372A3331ABE321B004D797D /* Memorable Places.app */,
				9372A3481ABE321B004D797D /* Memorable PlacesTests.xctest */,
			);
			name = Products;
			sourceTree = "<group>";
		};
		9372A3351ABE321B004D797D /* Memorable Places */ = {
			isa = PBXGroup;
			children = (
				9372A3381ABE321B004D797D /* AppDelegate.swift */,
				9372A33A1ABE321B004D797D /* ViewController.swift */,
				9372A33C1ABE321B004D797D /* Main.storyboard */,
				9372A3581ABE3487004D797D /* TableViewController.swift */,
				9372A33F1ABE321B004D797D /* Images.xcassets */,
				9372A3411ABE321B004D797D /* LaunchScreen.xib */,
				9372A3361ABE321B004D797D /* Supporting Files */,
			);
			path = "Memorable Places";
			sourceTree = "<group>";
		};
		9372A3361ABE321B004D797D /* Supporting Files */ = {
			isa = PBXGroup;
			children = (
				9372A3371ABE321B004D797D /* Info.plist */,
			);
			name = "Supporting Files";
			sourceTree = "<group>";
		};
		9372A34B1ABE321B004D797D /* Memorable PlacesTests */ = {
			isa = PBXGroup;
			children = (
				9372A34E1ABE321B004D797D /* Memorable_PlacesTests.swift */,
				9372A34C1ABE321B004D797D /* Supporting Files */,
			);
			path = "Memorable PlacesTests";
			sourceTree = "<group>";
		};
		9372A34C1ABE321B004D797D /* Supporting Files */ = {
			isa = PBXGroup;
			children = (
				9372A34D1ABE321B004D797D /* Info.plist */,
			);
			name = "Supporting Files";
			sourceTree = "<group>";
		};
/* End PBXGroup section */

/* Begin PBXNativeTarget section */
		9372A3321ABE321B004D797D /* Memorable Places */ = {
			isa = PBXNativeTarget;
			buildConfigurationList = 9372A3521ABE321B004D797D /* Build configuration list for PBXNativeTarget "Memorable Places" */;
			buildPhases = (
				9372A32F1ABE321B004D797D /* Sources */,
				9372A3301ABE321B004D797D /* Frameworks */,
				9372A3311ABE321B004D797D /* Resources */,
			);
			buildRules = (
			);
			dependencies = (
			);
			name = "Memorable Places";
			productName = "Memorable Places";
			productReference = 9372A3331ABE321B004D797D /* Memorable Places.app */;
			productType = "com.apple.product-type.application";
		};
		9372A3471ABE321B004D797D /* Memorable PlacesTests */ = {
			isa = PBXNativeTarget;
			buildConfigurationList = 9372A3551ABE321B004D797D /* Build configuration list for PBXNativeTarget "Memorable PlacesTests" */;
			buildPhases = (
				9372A3441ABE321B004D797D /* Sources */,
				9372A3451ABE321B004D797D /* Frameworks */,
				9372A3461ABE321B004D797D /* Resources */,
			);
			buildRules = (
			);
			dependencies = (
				9372A34A1ABE321B004D797D /* PBXTargetDependency */,
			);
			name = "Memorable PlacesTests";
			productName = "Memorable PlacesTests";
			productReference = 9372A3481ABE321B004D797D /* Memorable PlacesTests.xctest */;
			productType = "com.apple.product-type.bundle.unit-test";
		};
/* End PBXNativeTarget section */

/* Begin PBXProject section */
		9372A32B1ABE321B004D797D /* Project object */ = {
			isa = PBXProject;
			attributes = {
				LastUpgradeCheck = 0620;
				ORGANIZATIONNAME = "David Leonard";
				TargetAttributes = {
					9372A3321ABE321B004D797D = {
						CreatedOnToolsVersion = 6.2;
					};
					9372A3471ABE321B004D797D = {
						CreatedOnToolsVersion = 6.2;
						TestTargetID = 9372A3321ABE321B004D797D;
					};
				};
			};
			buildConfigurationList = 9372A32E1ABE321B004D797D /* Build configuration list for PBXProject "Memorable Places" */;
			compatibilityVersion = "Xcode 3.2";
			developmentRegion = English;
			hasScannedForEncodings = 0;
			knownRegions = (
				en,
				Base,
			);
			mainGroup = 9372A32A1ABE321B004D797D;
			productRefGroup = 9372A3341ABE321B004D797D /* Products */;
			projectDirPath = "";
			projectRoot = "";
			targets = (
				9372A3321ABE321B004D797D /* Memorable Places */,
				9372A3471ABE321B004D797D /* Memorable PlacesTests */,
			);
		};
/* End PBXProject section */

/* Begin PBXResourcesBuildPhase section */
		9372A3311ABE321B004D797D /* Resources */ = {
			isa = PBXResourcesBuildPhase;
			buildActionMask = 2147483647;
			files = (
				9372A33E1ABE321B004D797D /* Main.storyboard in Resources */,
				9372A3431ABE321B004D797D /* LaunchScreen.xib in Resources */,
				9372A3401ABE321B004D797D /* Images.xcassets in Resources */,
			);
			runOnlyForDeploymentPostprocessing = 0;
		};
		9372A3461ABE321B004D797D /* Resources */ = {
			isa = PBXResourcesBuildPhase;
			buildActionMask = 2147483647;
			files = (
			);
			runOnlyForDeploymentPostprocessing = 0;
		};
/* End PBXResourcesBuildPhase section */

/* Begin PBXSourcesBuildPhase section */
		9372A32F1ABE321B004D797D /* Sources */ = {
			isa = PBXSourcesBuildPhase;
			buildActionMask = 2147483647;
			files = (
				9372A33B1ABE321B004D797D /* ViewController.swift in Sources */,
				9372A3591ABE3487004D797D /* TableViewController.swift in Sources */,
				9372A3391ABE321B004D797D /* AppDelegate.swift in Sources */,
			);
			runOnlyForDeploymentPostprocessing = 0;
		};
		9372A3441ABE321B004D797D /* Sources */ = {
			isa = PBXSourcesBuildPhase;
			buildActionMask = 2147483647;
			files = (
				9372A34F1ABE321B004D797D /* Memorable_PlacesTests.swift in Sources */,
			);
			runOnlyForDeploymentPostprocessing = 0;
		};
/* End PBXSourcesBuildPhase section */

/* Begin PBXTargetDependency section */
		9372A34A1ABE321B004D797D /* PBXTargetDependency */ = {
			isa = PBXTargetDependency;
			target = 9372A3321ABE321B004D797D /* Memorable Places */;
			targetProxy = 9372A3491ABE321B004D797D /* PBXContainerItemProxy */;
		};
/* End PBXTargetDependency section */

/* Begin PBXVariantGroup section */
		9372A33C1ABE321B004D797D /* Main.storyboard */ = {
			isa = PBXVariantGroup;
			children = (
				9372A33D1ABE321B004D797D /* Base */,
			);
			name = Main.storyboard;
			sourceTree = "<group>";
		};
		9372A3411ABE321B004D797D /* LaunchScreen.xib */ = {
			isa = PBXVariantGroup;
			children = (
				9372A3421ABE321B004D797D /* Base */,
			);
			name = LaunchScreen.xib;
			sourceTree = "<group>";
		};
/* End PBXVariantGroup section */

/* Begin XCBuildConfiguration section */
		9372A3501ABE321B004D797D /* Debug */ = {
			isa = XCBuildConfiguration;
			buildSettings = {
				ALWAYS_SEARCH_USER_PATHS = NO;
				CLANG_CXX_LANGUAGE_STANDARD = "gnu++0x";
				CLANG_CXX_LIBRARY = "libc++";
				CLANG_ENABLE_MODULES = YES;
				CLANG_ENABLE_OBJC_ARC = YES;
				CLANG_WARN_BOOL_CONVERSION = YES;
				CLANG_WARN_CONSTANT_CONVERSION = YES;
				CLANG_WARN_DIRECT_OBJC_ISA_USAGE = YES_ERROR;
				CLANG_WARN_EMPTY_BODY = YES;
				CLANG_WARN_ENUM_CONVERSION = YES;
				CLANG_WARN_INT_CONVERSION = YES;
				CLANG_WARN_OBJC_ROOT_CLASS = YES_ERROR;
				CLANG_WARN_UNREACHABLE_CODE = YES;
				CLANG_WARN__DUPLICATE_METHOD_MATCH = YES;
				"CODE_SIGN_IDENTITY[sdk=iphoneos*]" = "iPhone Developer";
				COPY_PHASE_STRIP = NO;
				ENABLE_STRICT_OBJC_MSGSEND = YES;
				GCC_C_LANGUAGE_STANDARD = gnu99;
				GCC_DYNAMIC_NO_PIC = NO;
				GCC_OPTIMIZATION_LEVEL = 0;
				GCC_PREPROCESSOR_DEFINITIONS = (
					"DEBUG=1",
					"$(inherited)",
				);
				GCC_SYMBOLS_PRIVATE_EXTERN = NO;
				GCC_WARN_64_TO_32_BIT_CONVERSION = YES;
				GCC_WARN_ABOUT_RETURN_TYPE = YES_ERROR;
				GCC_WARN_UNDECLARED_SELECTOR = YES;
				GCC_WARN_UNINITIALIZED_AUTOS = YES_AGGRESSIVE;
				GCC_WARN_UNUSED_FUNCTION = YES;
				GCC_WARN_UNUSED_VARIABLE = YES;
				IPHONEOS_DEPLOYMENT_TARGET = 8.2;
				MTL_ENABLE_DEBUG_INFO = YES;
				ONLY_ACTIVE_ARCH = YES;
				SDKROOT = iphoneos;
				SWIFT_OPTIMIZATION_LEVEL = "-Onone";
			};
			name = Debug;
		};
		9372A3511ABE321B004D797D /* Release */ = {
			isa = XCBuildConfiguration;
			buildSettings = {
				ALWAYS_SEARCH_USER_PATHS = NO;
				CLANG_CXX_LANGUAGE_STANDARD = "gnu++0x";
				CLANG_CXX_LIBRARY = "libc++";
				CLANG_ENABLE_MODULES = YES;
				CLANG_ENABLE_OBJC_ARC = YES;
				CLANG_WARN_BOOL_CONVERSION = YES;
				CLANG_WARN_CONSTANT_CONVERSION = YES;
				CLANG_WARN_DIRECT_OBJC_ISA_USAGE = YES_ERROR;
				CLANG_WARN_EMPTY_BODY = YES;
				CLANG_WARN_ENUM_CONVERSION = YES;
				CLANG_WARN_INT_CONVERSION = YES;
				CLANG_WARN_OBJC_ROOT_CLASS = YES_ERROR;
				CLANG_WARN_UNREACHABLE_CODE = YES;
				CLANG_WARN__DUPLICATE_METHOD_MATCH = YES;
				"CODE_SIGN_IDENTITY[sdk=iphoneos*]" = "iPhone Developer";
				COPY_PHASE_STRIP = NO;
				ENABLE_NS_ASSERTIONS = NO;
				ENABLE_STRICT_OBJC_MSGSEND = YES;
				GCC_C_LANGUAGE_STANDARD = gnu99;
				GCC_WARN_64_TO_32_BIT_CONVERSION = YES;
				GCC_WARN_ABOUT_RETURN_TYPE = YES_ERROR;
				GCC_WARN_UNDECLARED_SELECTOR = YES;
				GCC_WARN_UNINITIALIZED_AUTOS = YES_AGGRESSIVE;
				GCC_WARN_UNUSED_FUNCTION = YES;
				GCC_WARN_UNUSED_VARIABLE = YES;
				IPHONEOS_DEPLOYMENT_TARGET = 8.2;
				MTL_ENABLE_DEBUG_INFO = NO;
				SDKROOT = iphoneos;
				VALIDATE_PRODUCT = YES;
			};
			name = Release;
		};
		9372A3531ABE321B004D797D /* Debug */ = {
			isa = XCBuildConfiguration;
			buildSettings = {
				ASSETCATALOG_COMPILER_APPICON_NAME = AppIcon;
				INFOPLIST_FILE = "Memorable Places/Info.plist";
				LD_RUNPATH_SEARCH_PATHS = "$(inherited) @executable_path/Frameworks";
				PRODUCT_NAME = "$(TARGET_NAME)";
			};
			name = Debug;
		};
		9372A3541ABE321B004D797D /* Release */ = {
			isa = XCBuildConfiguration;
			buildSettings = {
				ASSETCATALOG_COMPILER_APPICON_NAME = AppIcon;
				INFOPLIST_FILE = "Memorable Places/Info.plist";
				LD_RUNPATH_SEARCH_PATHS = "$(inherited) @executable_path/Frameworks";
				PRODUCT_NAME = "$(TARGET_NAME)";
			};
			name = Release;
		};
		9372A3561ABE321B004D797D /* Debug */ = {
			isa = XCBuildConfiguration;
			buildSettings = {
				BUNDLE_LOADER = "$(TEST_HOST)";
				FRAMEWORK_SEARCH_PATHS = (
					"$(SDKROOT)/Developer/Library/Frameworks",
					"$(inherited)",
				);
				GCC_PREPROCESSOR_DEFINITIONS = (
					"DEBUG=1",
					"$(inherited)",
				);
				INFOPLIST_FILE = "Memorable PlacesTests/Info.plist";
				LD_RUNPATH_SEARCH_PATHS = "$(inherited) @executable_path/Frameworks @loader_path/Frameworks";
				PRODUCT_NAME = "$(TARGET_NAME)";
				TEST_HOST = "$(BUILT_PRODUCTS_DIR)/Memorable Places.app/Memorable Places";
			};
			name = Debug;
		};
		9372A3571ABE321B004D797D /* Release */ = {
			isa = XCBuildConfiguration;
			buildSettings = {
				BUNDLE_LOADER = "$(TEST_HOST)";
				FRAMEWORK_SEARCH_PATHS = (
					"$(SDKROOT)/Developer/Library/Frameworks",
					"$(inherited)",
				);
				INFOPLIST_FILE = "Memorable PlacesTests/Info.plist";
				LD_RUNPATH_SEARCH_PATHS = "$(inherited) @executable_path/Frameworks @loader_path/Frameworks";
				PRODUCT_NAME = "$(TARGET_NAME)";
				TEST_HOST = "$(BUILT_PRODUCTS_DIR)/Memorable Places.app/Memorable Places";
			};
			name = Release;
		};
/* End XCBuildConfiguration section */

/* Begin XCConfigurationList section */
		9372A32E1ABE321B004D797D /* Build configuration list for PBXProject "Memorable Places" */ = {
			isa = XCConfigurationList;
			buildConfigurations = (
				9372A3501ABE321B004D797D /* Debug */,
				9372A3511ABE321B004D797D /* Release */,
			);
			defaultConfigurationIsVisible = 0;
			defaultConfigurationName = Release;
		};
		9372A3521ABE321B004D797D /* Build configuration list for PBXNativeTarget "Memorable Places" */ = {
			isa = XCConfigurationList;
			buildConfigurations = (
				9372A3531ABE321B004D797D /* Debug */,
				9372A3541ABE321B004D797D /* Release */,
			);
			defaultConfigurationIsVisible = 0;
		};
		9372A3551ABE321B004D797D /* Build configuration list for PBXNativeTarget "Memorable PlacesTests" */ = {
			isa = XCConfigurationList;
			buildConfigurations = (
				9372A3561ABE321B004D797D /* Debug */,
				9372A3571ABE321B004D797D /* Release */,
			);
			defaultConfigurationIsVisible = 0;
		};
/* End XCConfigurationList section */
	};
	rootObject = 9372A32B1ABE321B004D797D /* Project object */;
}
